// !$*UTF8*$!
{
	archiveVersion = 1;
	classes = {
	};
	objectVersion = 46;
	objects = {

/* Begin PBXAggregateTarget section */
		38DF3F43891781F7AFE35C1C00ED2964 /* ZFLua_impl_aggregate */ = {
			isa = PBXAggregateTarget;
			buildConfigurationList = 24A243CE1D2AE6B039F4F045508ADCF7 /* Build configuration list for PBXAggregateTarget "ZFLua_impl_aggregate" */;
			buildPhases = (
				BC1F01A65BD8F9C1FC57A4F0B8A833E2 /* ShellScript */,
			);
			dependencies = (
			);
			name = ZFLua_impl_aggregate;
			productName = ZFLua_impl_aggregate;
		};
/* End PBXAggregateTarget section */

/* Begin PBXBuildFile section */
		05653A06097F72E74D197F26F8F58773 /* lgc.c in Sources */ = {isa = PBXBuildFile; fileRef = 82D88A8A72E1E53F0F59DC7240AE1C98 /* lgc.c */; };
		067608936520D4D51DB121043AFF4F6E /* lzio.c in Sources */ = {isa = PBXBuildFile; fileRef = 9B8EBA08CE66681D80894664776499A5 /* lzio.c */; };
		076DE46FB42B8F516FBEAB68CFB82135 /* lmem.c in Sources */ = {isa = PBXBuildFile; fileRef = 8B8E1AB5D9561E38AEE23E985C6B7C60 /* lmem.c */; };
		07E0BEC875EBD3EF528E48C61B2D99FA /* lstate.c in Sources */ = {isa = PBXBuildFile; fileRef = 4D2395FF9ABADF3864FD4AABA8CE9458 /* lstate.c */; };
		08773657769D738DA9E791C465F08F91 /* loadlib.c in Sources */ = {isa = PBXBuildFile; fileRef = 01BB37217CE969B5FA0DD9D6AC37BB05 /* loadlib.c */; };
		0E8DAC6CABA60B5EAEDD1F7E0A643EC7 /* CoreGraphics.framework in Frameworks */ = {isa = PBXBuildFile; fileRef = 499210B2E3E6E991DAD3B41994BBAA47 /* CoreGraphics.framework */; };
		1571A325A07F89C62199C2DFEAE7D35D /* loslib.c in Sources */ = {isa = PBXBuildFile; fileRef = A37E99B03EB6E290C10BC449D9CC851B /* loslib.c */; };
		1B9BFE8D3DDEC7B092987A4259F1D973 /* lvm.c in Sources */ = {isa = PBXBuildFile; fileRef = E515C3FDE2EFAE321957369539FCD018 /* lvm.c */; };
		21AF8828A40206C7DFBC75BFEE45953E /* lbaselib.c in Sources */ = {isa = PBXBuildFile; fileRef = 930AB13BD93FE51A47082E9A277F614A /* lbaselib.c */; };
		272E108CD89C676DB08ADA0032AD1F86 /* Foundation.framework in Frameworks */ = {isa = PBXBuildFile; fileRef = F12ACBAE033C86D218A69828FAE41A6C /* Foundation.framework */; };
		36E08D3BAB24CE05E5FB73275A8939A6 /* lcorolib.c in Sources */ = {isa = PBXBuildFile; fileRef = F71A3ABD3EF4FF75485932A57C058A5A /* lcorolib.c */; };
		3C295B502362A4896353079605F2D011 /* lutf8lib.c in Sources */ = {isa = PBXBuildFile; fileRef = 6DFA5F574802492347996BEC386DDA28 /* lutf8lib.c */; };
		3C776C8BFE28E0CE95E3C3BE2256C393 /* ldo.c in Sources */ = {isa = PBXBuildFile; fileRef = 868C40773673AE6A515EAD25434A5864 /* ldo.c */; };
		4AF890211EC1F48D2EDC9EBC79B8F2CB /* lstring.c in Sources */ = {isa = PBXBuildFile; fileRef = 00D5A0942AF85A44570D677505B4EDA7 /* lstring.c */; };
		4D7265AB50E2B075EE8DFDFFAE337343 /* zfgensrc_ZFLua_impl.mm in Sources */ = {isa = PBXBuildFile; fileRef = A2C0E78C33D05E4B22E6EEAD307694D7 /* zfgensrc_ZFLua_impl.mm */; };
		4D938CB39E34FAAF450A1816A1A90339 /* lctype.c in Sources */ = {isa = PBXBuildFile; fileRef = 91ECC53153D9678F24B6AC8945C462C9 /* lctype.c */; };
		56D97C08E35E8C491C70EF738E3A7EA0 /* lopcodes.c in Sources */ = {isa = PBXBuildFile; fileRef = 93C230919797BCDA79304053BAEB0FAE /* lopcodes.c */; };
		601C72DD9F7177581B68AAC72E11DB52 /* ldblib.c in Sources */ = {isa = PBXBuildFile; fileRef = DACAEF225BFEA9FE00545ED2C1D54465 /* ldblib.c */; };
		68F3F1134E5A78778B2B97959F1656BF /* lauxlib.c in Sources */ = {isa = PBXBuildFile; fileRef = EC437AF155930E1116CD8F28433FC8A1 /* lauxlib.c */; };
		7CBF9D5D27671CD1B32BBCF44797C2D2 /* ltablib.c in Sources */ = {isa = PBXBuildFile; fileRef = 973D8F912D322C0E2EB87F83B4B924BC /* ltablib.c */; };
		7D83BCB26733C241FCB5935266BFF506 /* lbitlib.c in Sources */ = {isa = PBXBuildFile; fileRef = E7477BBD8F6DD9CD300B408C13077BCD /* lbitlib.c */; };
		7DF32701418B70CF75C9F2AD168AFC00 /* UIKit.framework in Frameworks */ = {isa = PBXBuildFile; fileRef = 8206D54F27D0B98CE5AD4D11B96D69B8 /* UIKit.framework */; };
		9022F24D500A657B579F2830D7DAD7BB /* lapi.c in Sources */ = {isa = PBXBuildFile; fileRef = C59EC59867DD6B4D55AC40E7F7945C63 /* lapi.c */; };
		947410037210F5550FD58EB6E6269B51 /* ltable.c in Sources */ = {isa = PBXBuildFile; fileRef = 84F5E35E737F242E9A8BE9B1FFC242FD /* ltable.c */; };
		94EFD1F10A65FCB6A7663343366E1198 /* lfunc.c in Sources */ = {isa = PBXBuildFile; fileRef = E09FC4E5D0C9D713A081FFFE710BABB4 /* lfunc.c */; };
		9BEFEA6FBF0F9FEFA07AC3715607F87C /* lmathlib.c in Sources */ = {isa = PBXBuildFile; fileRef = C337DF44244766532B0C14B9902D9A31 /* lmathlib.c */; };
		A24661768A16899C21EBB44A89F06B33 /* lparser.c in Sources */ = {isa = PBXBuildFile; fileRef = F516D7079446B6EF60792CFA4314BC08 /* lparser.c */; };
		A555239B545CBE1E978D989AB13FCD36 /* linit.c in Sources */ = {isa = PBXBuildFile; fileRef = DD2BDD885D8351336B3A41BA9717EBB7 /* linit.c */; };
		C8FA5DFD5D1F364CF816DD0439201A0E /* ldump.c in Sources */ = {isa = PBXBuildFile; fileRef = 7C4A2884D1E04CDA832EABD2D9A2337E /* ldump.c */; };
		CDB171536F501893A8B6508F5EE5AC78 /* liolib.c in Sources */ = {isa = PBXBuildFile; fileRef = FAEB47042B50830266D3A223B1F80EB0 /* liolib.c */; };
		D23138F326A2EFE599CAC4FDB60BB8C3 /* lcode.c in Sources */ = {isa = PBXBuildFile; fileRef = 5EB180B17CE04351BFFF1323A1E03D81 /* lcode.c */; };
		D38D3A5E31DD5196EF7A9CB37CA4129A /* lundump.c in Sources */ = {isa = PBXBuildFile; fileRef = 63891EE386D119771FA0C293C2889CAA /* lundump.c */; };
		D82E3AAB26195ACAF2E087885EB10B83 /* lobject.c in Sources */ = {isa = PBXBuildFile; fileRef = 01DDDA38E86F59BFB1B86945E89393CC /* lobject.c */; };
		E12DEE3B2B18F569FAE0903686C02BD7 /* llex.c in Sources */ = {isa = PBXBuildFile; fileRef = 1280F7FD20BEC58F7DD584193FFAC6D2 /* llex.c */; };
		E28ED0599AE4C996E12187E7E54AEF4E /* ltm.c in Sources */ = {isa = PBXBuildFile; fileRef = F72A2704001E564680C1EC3E9FB6FA68 /* ltm.c */; };
		E70AD240706EE5B3F211657B28FA3A8E /* ldebug.c in Sources */ = {isa = PBXBuildFile; fileRef = CE9D7404B3D18CA46C2F2C8A7B1089C5 /* ldebug.c */; };
		E7C3874353B5C309ACC0168A4E9F1267 /* lstrlib.c in Sources */ = {isa = PBXBuildFile; fileRef = FFF86D0FB70C1133A964EE34FD701BC4 /* lstrlib.c */; };
		EFEB6F4BC7F0A7FF09602BA8EFDCA69F /* QuartzCore.framework in Frameworks */ = {isa = PBXBuildFile; fileRef = EAA844A69A904323CEBDBB143533048E /* QuartzCore.framework */; };
/* End PBXBuildFile section */

/* Begin PBXCopyFilesBuildPhase section */
		7A9FF9C9A9B4CA6A4653FD368F5E27A6 /* CopyFiles */ = {
			isa = PBXCopyFilesBuildPhase;
			buildActionMask = 2147483647;
			dstPath = "include/$(PRODUCT_NAME)";
			dstSubfolderSpec = 16;
			files = (
			);
			runOnlyForDeploymentPostprocessing = 0;
		};
/* End PBXCopyFilesBuildPhase section */

/* Begin PBXFileReference section */
		00D5A0942AF85A44570D677505B4EDA7 /* lstring.c */ = {isa = PBXFileReference; fileEncoding = 4; lastKnownFileType = sourcecode.c.c; path = lstring.c; sourceTree = "<group>"; };
		01BB37217CE969B5FA0DD9D6AC37BB05 /* loadlib.c */ = {isa = PBXFileReference; fileEncoding = 4; lastKnownFileType = sourcecode.c.c; path = loadlib.c; sourceTree = "<group>"; };
		01DDDA38E86F59BFB1B86945E89393CC /* lobject.c */ = {isa = PBXFileReference; fileEncoding = 4; lastKnownFileType = sourcecode.c.c; path = lobject.c; sourceTree = "<group>"; };
		0533CF44BAEA381FBD94FF8276501DBB /* ldebug.h */ = {isa = PBXFileReference; fileEncoding = 4; lastKnownFileType = sourcecode.c.h; path = ldebug.h; sourceTree = "<group>"; };
		0E9E4644F3D20699D55119CA178AEC25 /* lmem.h */ = {isa = PBXFileReference; fileEncoding = 4; lastKnownFileType = sourcecode.c.h; path = lmem.h; sourceTree = "<group>"; };
		1280F7FD20BEC58F7DD584193FFAC6D2 /* llex.c */ = {isa = PBXFileReference; fileEncoding = 4; lastKnownFileType = sourcecode.c.c; path = llex.c; sourceTree = "<group>"; };
		1415F70D146D5CB7FA42317D9786FB70 /* lstring.h */ = {isa = PBXFileReference; fileEncoding = 4; lastKnownFileType = sourcecode.c.h; path = lstring.h; sourceTree = "<group>"; };
		25A8C8F5C9669A081CC41BC4BDA2D922 /* ltm.h */ = {isa = PBXFileReference; fileEncoding = 4; lastKnownFileType = sourcecode.c.h; path = ltm.h; sourceTree = "<group>"; };
		499210B2E3E6E991DAD3B41994BBAA47 /* CoreGraphics.framework */ = {isa = PBXFileReference; lastKnownFileType = wrapper.framework; name = CoreGraphics.framework; path = System/Library/Frameworks/CoreGraphics.framework; sourceTree = SDKROOT; };
		4D2395FF9ABADF3864FD4AABA8CE9458 /* lstate.c */ = {isa = PBXFileReference; fileEncoding = 4; lastKnownFileType = sourcecode.c.c; path = lstate.c; sourceTree = "<group>"; };
		53AC70F4B9B3D1ECD261024E1EF89127 /* lauxlib.h */ = {isa = PBXFileReference; fileEncoding = 4; lastKnownFileType = sourcecode.c.h; path = lauxlib.h; sourceTree = "<group>"; };
		5EB180B17CE04351BFFF1323A1E03D81 /* lcode.c */ = {isa = PBXFileReference; fileEncoding = 4; lastKnownFileType = sourcecode.c.c; path = lcode.c; sourceTree = "<group>"; };
		5ECF985F41BAE31E4B7649800543E6A9 /* ltable.h */ = {isa = PBXFileReference; fileEncoding = 4; lastKnownFileType = sourcecode.c.h; path = ltable.h; sourceTree = "<group>"; };
		63891EE386D119771FA0C293C2889CAA /* lundump.c */ = {isa = PBXFileReference; fileEncoding = 4; lastKnownFileType = sourcecode.c.c; path = lundump.c; sourceTree = "<group>"; };
		6C50D014364E85A7882FC3164685B912 /* llimits.h */ = {isa = PBXFileReference; fileEncoding = 4; lastKnownFileType = sourcecode.c.h; path = llimits.h; sourceTree = "<group>"; };
		6DFA5F574802492347996BEC386DDA28 /* lutf8lib.c */ = {isa = PBXFileReference; fileEncoding = 4; lastKnownFileType = sourcecode.c.c; path = lutf8lib.c; sourceTree = "<group>"; };
		7A3974EEE31DEAEB6E5B9FF89EA904BA /* lua.hpp */ = {isa = PBXFileReference; fileEncoding = 4; lastKnownFileType = sourcecode.cpp.h; path = lua.hpp; sourceTree = "<group>"; };
		7C4A2884D1E04CDA832EABD2D9A2337E /* ldump.c */ = {isa = PBXFileReference; fileEncoding = 4; lastKnownFileType = sourcecode.c.c; path = ldump.c; sourceTree = "<group>"; };
		8206D54F27D0B98CE5AD4D11B96D69B8 /* UIKit.framework */ = {isa = PBXFileReference; lastKnownFileType = wrapper.framework; name = UIKit.framework; path = System/Library/Frameworks/UIKit.framework; sourceTree = SDKROOT; };
		82D88A8A72E1E53F0F59DC7240AE1C98 /* lgc.c */ = {isa = PBXFileReference; fileEncoding = 4; lastKnownFileType = sourcecode.c.c; path = lgc.c; sourceTree = "<group>"; };
		84F5E35E737F242E9A8BE9B1FFC242FD /* ltable.c */ = {isa = PBXFileReference; fileEncoding = 4; lastKnownFileType = sourcecode.c.c; path = ltable.c; sourceTree = "<group>"; };
		868C40773673AE6A515EAD25434A5864 /* ldo.c */ = {isa = PBXFileReference; fileEncoding = 4; lastKnownFileType = sourcecode.c.c; path = ldo.c; sourceTree = "<group>"; };
		8B2F02482C5E0A57096A5C831346BD89 /* lzio.h */ = {isa = PBXFileReference; fileEncoding = 4; lastKnownFileType = sourcecode.c.h; path = lzio.h; sourceTree = "<group>"; };
		8B8E1AB5D9561E38AEE23E985C6B7C60 /* lmem.c */ = {isa = PBXFileReference; fileEncoding = 4; lastKnownFileType = sourcecode.c.c; path = lmem.c; sourceTree = "<group>"; };
		90F39C4671A1BE008DEAAB40C5997EF7 /* lapi.h */ = {isa = PBXFileReference; fileEncoding = 4; lastKnownFileType = sourcecode.c.h; path = lapi.h; sourceTree = "<group>"; };
		91E47A4A967551DAB67C8B8657D8F2BF /* lprefix.h */ = {isa = PBXFileReference; fileEncoding = 4; lastKnownFileType = sourcecode.c.h; path = lprefix.h; sourceTree = "<group>"; };
		91ECC53153D9678F24B6AC8945C462C9 /* lctype.c */ = {isa = PBXFileReference; fileEncoding = 4; lastKnownFileType = sourcecode.c.c; path = lctype.c; sourceTree = "<group>"; };
		9271634BE5ED317BB3049D2A68FCCAF4 /* lobject.h */ = {isa = PBXFileReference; fileEncoding = 4; lastKnownFileType = sourcecode.c.h; path = lobject.h; sourceTree = "<group>"; };
		930AB13BD93FE51A47082E9A277F614A /* lbaselib.c */ = {isa = PBXFileReference; fileEncoding = 4; lastKnownFileType = sourcecode.c.c; path = lbaselib.c; sourceTree = "<group>"; };
		93C230919797BCDA79304053BAEB0FAE /* lopcodes.c */ = {isa = PBXFileReference; fileEncoding = 4; lastKnownFileType = sourcecode.c.c; path = lopcodes.c; sourceTree = "<group>"; };
		973D8F912D322C0E2EB87F83B4B924BC /* ltablib.c */ = {isa = PBXFileReference; fileEncoding = 4; lastKnownFileType = sourcecode.c.c; path = ltablib.c; sourceTree = "<group>"; };
		99B1C9F730DF966C25FE44912E7AA1DA /* lfunc.h */ = {isa = PBXFileReference; fileEncoding = 4; lastKnownFileType = sourcecode.c.h; path = lfunc.h; sourceTree = "<group>"; };
		9B8EBA08CE66681D80894664776499A5 /* lzio.c */ = {isa = PBXFileReference; fileEncoding = 4; lastKnownFileType = sourcecode.c.c; path = lzio.c; sourceTree = "<group>"; };
		9CFFA0CA652317B105A0D00D4FF11B3D /* lparser.h */ = {isa = PBXFileReference; fileEncoding = 4; lastKnownFileType = sourcecode.c.h; path = lparser.h; sourceTree = "<group>"; };
		A0A4CADE093A2EA02949601FDB1726B5 /* lgc.h */ = {isa = PBXFileReference; fileEncoding = 4; lastKnownFileType = sourcecode.c.h; path = lgc.h; sourceTree = "<group>"; };
		A1EEFEF347187BF3FA21CA23338F2417 /* lopcodes.h */ = {isa = PBXFileReference; fileEncoding = 4; lastKnownFileType = sourcecode.c.h; path = lopcodes.h; sourceTree = "<group>"; };
		A2C0E78C33D05E4B22E6EEAD307694D7 /* zfgensrc_ZFLua_impl.mm */ = {isa = PBXFileReference; fileEncoding = 4; lastKnownFileType = sourcecode.cpp.objcpp; path = zfgensrc_ZFLua_impl.mm; sourceTree = "<group>"; };
		A37E99B03EB6E290C10BC449D9CC851B /* loslib.c */ = {isa = PBXFileReference; fileEncoding = 4; lastKnownFileType = sourcecode.c.c; path = loslib.c; sourceTree = "<group>"; };
		A53C0534C17D54EB435BD645E2C11A11 /* lua.h */ = {isa = PBXFileReference; fileEncoding = 4; lastKnownFileType = sourcecode.c.h; path = lua.h; sourceTree = "<group>"; };
		ADEC1DB4B95EDEE5350F33900AD03E5F /* luaconf.h */ = {isa = PBXFileReference; fileEncoding = 4; lastKnownFileType = sourcecode.c.h; path = luaconf.h; sourceTree = "<group>"; };
		AF1198AEC7F278CAE4DB76FB412488DE /* ldo.h */ = {isa = PBXFileReference; fileEncoding = 4; lastKnownFileType = sourcecode.c.h; path = ldo.h; sourceTree = "<group>"; };
		AFD39296BA6EA1DC9644A6D2A3891A60 /* libZFLua_impl.a */ = {isa = PBXFileReference; explicitFileType = archive.ar; includeInIndex = 0; path = libZFLua_impl.a; sourceTree = BUILT_PRODUCTS_DIR; };
		BCF09ABC3783F6BBA9508B894F967A88 /* zfsrc */ = {isa = PBXFileReference; lastKnownFileType = folder; name = zfsrc; path = ../../../zfsrc; sourceTree = "<group>"; };
		C337DF44244766532B0C14B9902D9A31 /* lmathlib.c */ = {isa = PBXFileReference; fileEncoding = 4; lastKnownFileType = sourcecode.c.c; path = lmathlib.c; sourceTree = "<group>"; };
		C59EC59867DD6B4D55AC40E7F7945C63 /* lapi.c */ = {isa = PBXFileReference; fileEncoding = 4; lastKnownFileType = sourcecode.c.c; path = lapi.c; sourceTree = "<group>"; };
		CE9D7404B3D18CA46C2F2C8A7B1089C5 /* ldebug.c */ = {isa = PBXFileReference; fileEncoding = 4; lastKnownFileType = sourcecode.c.c; path = ldebug.c; sourceTree = "<group>"; };
		CFA6E482272C568055B7A831EF528BB9 /* lctype.h */ = {isa = PBXFileReference; fileEncoding = 4; lastKnownFileType = sourcecode.c.h; path = lctype.h; sourceTree = "<group>"; };
		DACAEF225BFEA9FE00545ED2C1D54465 /* ldblib.c */ = {isa = PBXFileReference; fileEncoding = 4; lastKnownFileType = sourcecode.c.c; path = ldblib.c; sourceTree = "<group>"; };
		DD2BDD885D8351336B3A41BA9717EBB7 /* linit.c */ = {isa = PBXFileReference; fileEncoding = 4; lastKnownFileType = sourcecode.c.c; path = linit.c; sourceTree = "<group>"; };
		DFE45AEB325C65F3EC5EB2770E9193BD /* lualib.h */ = {isa = PBXFileReference; fileEncoding = 4; lastKnownFileType = sourcecode.c.h; path = lualib.h; sourceTree = "<group>"; };
		E09FC4E5D0C9D713A081FFFE710BABB4 /* lfunc.c */ = {isa = PBXFileReference; fileEncoding = 4; lastKnownFileType = sourcecode.c.c; path = lfunc.c; sourceTree = "<group>"; };
		E515C3FDE2EFAE321957369539FCD018 /* lvm.c */ = {isa = PBXFileReference; fileEncoding = 4; lastKnownFileType = sourcecode.c.c; path = lvm.c; sourceTree = "<group>"; };
		E7477BBD8F6DD9CD300B408C13077BCD /* lbitlib.c */ = {isa = PBXFileReference; fileEncoding = 4; lastKnownFileType = sourcecode.c.c; path = lbitlib.c; sourceTree = "<group>"; };
		E8B4F6D18B6E673D76E698D1C78EDA31 /* lvm.h */ = {isa = PBXFileReference; fileEncoding = 4; lastKnownFileType = sourcecode.c.h; path = lvm.h; sourceTree = "<group>"; };
		E9EAA7E89F33CADB37DD21D4C1E42CCA /* llex.h */ = {isa = PBXFileReference; fileEncoding = 4; lastKnownFileType = sourcecode.c.h; path = llex.h; sourceTree = "<group>"; };
		EAA844A69A904323CEBDBB143533048E /* QuartzCore.framework */ = {isa = PBXFileReference; lastKnownFileType = wrapper.framework; name = QuartzCore.framework; path = System/Library/Frameworks/QuartzCore.framework; sourceTree = SDKROOT; };
		EC437AF155930E1116CD8F28433FC8A1 /* lauxlib.c */ = {isa = PBXFileReference; fileEncoding = 4; lastKnownFileType = sourcecode.c.c; path = lauxlib.c; sourceTree = "<group>"; };
		F0279630474C968509B14522DB638A5C /* lcode.h */ = {isa = PBXFileReference; fileEncoding = 4; lastKnownFileType = sourcecode.c.h; path = lcode.h; sourceTree = "<group>"; };
		F12ACBAE033C86D218A69828FAE41A6C /* Foundation.framework */ = {isa = PBXFileReference; lastKnownFileType = wrapper.framework; name = Foundation.framework; path = System/Library/Frameworks/Foundation.framework; sourceTree = SDKROOT; };
		F516D7079446B6EF60792CFA4314BC08 /* lparser.c */ = {isa = PBXFileReference; fileEncoding = 4; lastKnownFileType = sourcecode.c.c; path = lparser.c; sourceTree = "<group>"; };
		F52E0003A4F8C5BB4FF5505F89B29D3A /* lundump.h */ = {isa = PBXFileReference; fileEncoding = 4; lastKnownFileType = sourcecode.c.h; path = lundump.h; sourceTree = "<group>"; };
		F71A3ABD3EF4FF75485932A57C058A5A /* lcorolib.c */ = {isa = PBXFileReference; fileEncoding = 4; lastKnownFileType = sourcecode.c.c; path = lcorolib.c; sourceTree = "<group>"; };
		F72A2704001E564680C1EC3E9FB6FA68 /* ltm.c */ = {isa = PBXFileReference; fileEncoding = 4; lastKnownFileType = sourcecode.c.c; path = ltm.c; sourceTree = "<group>"; };
		F7708C669341EE772F1F92E829F1B85D /* lstate.h */ = {isa = PBXFileReference; fileEncoding = 4; lastKnownFileType = sourcecode.c.h; path = lstate.h; sourceTree = "<group>"; };
		FAEB47042B50830266D3A223B1F80EB0 /* liolib.c */ = {isa = PBXFileReference; fileEncoding = 4; lastKnownFileType = sourcecode.c.c; path = liolib.c; sourceTree = "<group>"; };
		FFF86D0FB70C1133A964EE34FD701BC4 /* lstrlib.c */ = {isa = PBXFileReference; fileEncoding = 4; lastKnownFileType = sourcecode.c.c; path = lstrlib.c; sourceTree = "<group>"; };
/* End PBXFileReference section */

/* Begin PBXFrameworksBuildPhase section */
		DE799F2A946D55E623C561BED50D83B2 /* Frameworks */ = {
			isa = PBXFrameworksBuildPhase;
			buildActionMask = 2147483647;
			files = (
				0E8DAC6CABA60B5EAEDD1F7E0A643EC7 /* CoreGraphics.framework in Frameworks */,
				272E108CD89C676DB08ADA0032AD1F86 /* Foundation.framework in Frameworks */,
				EFEB6F4BC7F0A7FF09602BA8EFDCA69F /* QuartzCore.framework in Frameworks */,
				7DF32701418B70CF75C9F2AD168AFC00 /* UIKit.framework in Frameworks */,
			);
			runOnlyForDeploymentPostprocessing = 0;
		};
/* End PBXFrameworksBuildPhase section */

/* Begin PBXGroup section */
		3E4971603DDD74744BD274770C91B023 = {
			isa = PBXGroup;
			children = (
				E867B9C682D916343B5987653EDA522A /* Framework */,
				8FC62F2EC3B1FA58C5E4E2286726EC70 /* Products */,
				E33B5F7BA6FC6F63F536739567B4F4A9 /* ProjectFiles */,
				DFE58B1E7FDE05B1386CAC9C4CFC2E47 /* ZFLua_impl */,
			);
			sourceTree = "<group>";
		};
		692442B994C267105D277E955D247409 /* lua */ = {
			isa = PBXGroup;
			children = (
				C59EC59867DD6B4D55AC40E7F7945C63 /* lapi.c */,
				90F39C4671A1BE008DEAAB40C5997EF7 /* lapi.h */,
				EC437AF155930E1116CD8F28433FC8A1 /* lauxlib.c */,
				53AC70F4B9B3D1ECD261024E1EF89127 /* lauxlib.h */,
				930AB13BD93FE51A47082E9A277F614A /* lbaselib.c */,
				E7477BBD8F6DD9CD300B408C13077BCD /* lbitlib.c */,
				5EB180B17CE04351BFFF1323A1E03D81 /* lcode.c */,
				F0279630474C968509B14522DB638A5C /* lcode.h */,
				F71A3ABD3EF4FF75485932A57C058A5A /* lcorolib.c */,
				91ECC53153D9678F24B6AC8945C462C9 /* lctype.c */,
				CFA6E482272C568055B7A831EF528BB9 /* lctype.h */,
				DACAEF225BFEA9FE00545ED2C1D54465 /* ldblib.c */,
				CE9D7404B3D18CA46C2F2C8A7B1089C5 /* ldebug.c */,
				0533CF44BAEA381FBD94FF8276501DBB /* ldebug.h */,
				868C40773673AE6A515EAD25434A5864 /* ldo.c */,
				AF1198AEC7F278CAE4DB76FB412488DE /* ldo.h */,
				7C4A2884D1E04CDA832EABD2D9A2337E /* ldump.c */,
				E09FC4E5D0C9D713A081FFFE710BABB4 /* lfunc.c */,
				99B1C9F730DF966C25FE44912E7AA1DA /* lfunc.h */,
				82D88A8A72E1E53F0F59DC7240AE1C98 /* lgc.c */,
				A0A4CADE093A2EA02949601FDB1726B5 /* lgc.h */,
				DD2BDD885D8351336B3A41BA9717EBB7 /* linit.c */,
				FAEB47042B50830266D3A223B1F80EB0 /* liolib.c */,
				1280F7FD20BEC58F7DD584193FFAC6D2 /* llex.c */,
				E9EAA7E89F33CADB37DD21D4C1E42CCA /* llex.h */,
				6C50D014364E85A7882FC3164685B912 /* llimits.h */,
				C337DF44244766532B0C14B9902D9A31 /* lmathlib.c */,
				8B8E1AB5D9561E38AEE23E985C6B7C60 /* lmem.c */,
				0E9E4644F3D20699D55119CA178AEC25 /* lmem.h */,
				01BB37217CE969B5FA0DD9D6AC37BB05 /* loadlib.c */,
				01DDDA38E86F59BFB1B86945E89393CC /* lobject.c */,
				9271634BE5ED317BB3049D2A68FCCAF4 /* lobject.h */,
				93C230919797BCDA79304053BAEB0FAE /* lopcodes.c */,
				A1EEFEF347187BF3FA21CA23338F2417 /* lopcodes.h */,
				A37E99B03EB6E290C10BC449D9CC851B /* loslib.c */,
				F516D7079446B6EF60792CFA4314BC08 /* lparser.c */,
				9CFFA0CA652317B105A0D00D4FF11B3D /* lparser.h */,
				91E47A4A967551DAB67C8B8657D8F2BF /* lprefix.h */,
				4D2395FF9ABADF3864FD4AABA8CE9458 /* lstate.c */,
				F7708C669341EE772F1F92E829F1B85D /* lstate.h */,
				00D5A0942AF85A44570D677505B4EDA7 /* lstring.c */,
				1415F70D146D5CB7FA42317D9786FB70 /* lstring.h */,
				FFF86D0FB70C1133A964EE34FD701BC4 /* lstrlib.c */,
				84F5E35E737F242E9A8BE9B1FFC242FD /* ltable.c */,
				5ECF985F41BAE31E4B7649800543E6A9 /* ltable.h */,
				973D8F912D322C0E2EB87F83B4B924BC /* ltablib.c */,
				F72A2704001E564680C1EC3E9FB6FA68 /* ltm.c */,
				25A8C8F5C9669A081CC41BC4BDA2D922 /* ltm.h */,
				A53C0534C17D54EB435BD645E2C11A11 /* lua.h */,
				7A3974EEE31DEAEB6E5B9FF89EA904BA /* lua.hpp */,
				ADEC1DB4B95EDEE5350F33900AD03E5F /* luaconf.h */,
				DFE45AEB325C65F3EC5EB2770E9193BD /* lualib.h */,
				63891EE386D119771FA0C293C2889CAA /* lundump.c */,
				F52E0003A4F8C5BB4FF5505F89B29D3A /* lundump.h */,
				6DFA5F574802492347996BEC386DDA28 /* lutf8lib.c */,
				E515C3FDE2EFAE321957369539FCD018 /* lvm.c */,
				E8B4F6D18B6E673D76E698D1C78EDA31 /* lvm.h */,
				9B8EBA08CE66681D80894664776499A5 /* lzio.c */,
				8B2F02482C5E0A57096A5C831346BD89 /* lzio.h */,
			);
			name = lua;
			path = ../../../../zfsrc_ext/ZFImpl/_repo/lua;
			sourceTree = "<group>";
		};
		8FC62F2EC3B1FA58C5E4E2286726EC70 /* Products */ = {
			isa = PBXGroup;
			children = (
				AFD39296BA6EA1DC9644A6D2A3891A60 /* libZFLua_impl.a */,
			);
			name = Products;
			sourceTree = "<group>";
		};
		DFE58B1E7FDE05B1386CAC9C4CFC2E47 /* ZFLua_impl */ = {
			isa = PBXGroup;
			children = (
				BCF09ABC3783F6BBA9508B894F967A88 /* zfsrc */,
			);
			name = ZFLua_impl;
			sourceTree = "<group>";
		};
		E33B5F7BA6FC6F63F536739567B4F4A9 /* ProjectFiles */ = {
			isa = PBXGroup;
			children = (
				692442B994C267105D277E955D247409 /* lua */,
				A2C0E78C33D05E4B22E6EEAD307694D7 /* zfgensrc_ZFLua_impl.mm */,
			);
			path = ProjectFiles;
			sourceTree = "<group>";
		};
		E867B9C682D916343B5987653EDA522A /* Framework */ = {
			isa = PBXGroup;
			children = (
				499210B2E3E6E991DAD3B41994BBAA47 /* CoreGraphics.framework */,
				F12ACBAE033C86D218A69828FAE41A6C /* Foundation.framework */,
				EAA844A69A904323CEBDBB143533048E /* QuartzCore.framework */,
				8206D54F27D0B98CE5AD4D11B96D69B8 /* UIKit.framework */,
			);
			name = Framework;
			sourceTree = "<group>";
		};
/* End PBXGroup section */

/* Begin PBXNativeTarget section */
		6BE8EEB49F5936C4A5B54D5FB0C7EFA9 /* ZFLua_impl */ = {
			isa = PBXNativeTarget;
			buildConfigurationList = 11E5B48D6355A2E6E883CE065EC72AC9 /* Build configuration list for PBXNativeTarget "ZFLua_impl" */;
			buildPhases = (
				5B27A97044187D7F9FEEF1239D291DF3 /* ZFCompileSource */,
				0682D0309B19710F8588C27C95190B8B /* Sources */,
				DE799F2A946D55E623C561BED50D83B2 /* Frameworks */,
				7A9FF9C9A9B4CA6A4653FD368F5E27A6 /* CopyFiles */,
				532A756E44C83D821B4A665DF08721F1 /* ZFUniqueProj */,
			);
			buildRules = (
			);
			dependencies = (
			);
			name = ZFLua_impl;
			productName = ZFLua_impl;
			productReference = AFD39296BA6EA1DC9644A6D2A3891A60 /* libZFLua_impl.a */;
			productType = "com.apple.product-type.library.static";
		};
/* End PBXNativeTarget section */

/* Begin PBXProject section */
		67CA1C1B68C5AAB5EF397340EE5677C5 /* Project object */ = {
			isa = PBXProject;
			attributes = {
				LastUpgradeCheck = 0800;
				ORGANIZATIONNAME = ZFFramework;
				TargetAttributes = {
					38DF3F43891781F7AFE35C1C00ED2964 = {
						CreatedOnToolsVersion = 6.1.1;
					};
					6BE8EEB49F5936C4A5B54D5FB0C7EFA9 = {
						CreatedOnToolsVersion = 6.1.1;
					};
				};
			};
			buildConfigurationList = 98A0C722A19A07A0D87D3E97AF916376 /* Build configuration list for PBXProject "ZFLua_impl" */;
			compatibilityVersion = "Xcode 3.2";
			developmentRegion = English;
			hasScannedForEncodings = 0;
			knownRegions = (
				en,
			);
			mainGroup = 3E4971603DDD74744BD274770C91B023;
			productRefGroup = 8FC62F2EC3B1FA58C5E4E2286726EC70 /* Products */;
			projectDirPath = "";
			projectRoot = "";
			targets = (
				6BE8EEB49F5936C4A5B54D5FB0C7EFA9 /* ZFLua_impl */,
				38DF3F43891781F7AFE35C1C00ED2964 /* ZFLua_impl_aggregate */,
			);
		};
/* End PBXProject section */

/* Begin PBXShellScriptBuildPhase section */
		532A756E44C83D821B4A665DF08721F1 /* ZFUniqueProj */ = {
			isa = PBXShellScriptBuildPhase;
			buildActionMask = 2147483647;
			files = (
			);
			inputPaths = (
			);
			name = ZFUniqueProj;
			outputPaths = (
			);
			runOnlyForDeploymentPostprocessing = 0;
			shellPath = /bin/sh;
			shellScript = "sh ${SRCROOT}/../../../../../../ZFFramework/tools/spec/iOS/unique_proj.sh \"${SRCROOT}/${PROJECT_NAME}.xcodeproj\"";
		};
		5B27A97044187D7F9FEEF1239D291DF3 /* ZFCompileSource */ = {
			isa = PBXShellScriptBuildPhase;
			buildActionMask = 2147483647;
			files = (
			);
			inputPaths = (
			);
			name = ZFCompileSource;
			outputPaths = (
			);
			runOnlyForDeploymentPostprocessing = 0;
			shellPath = /bin/sh;
			shellScript = "sh ${SRCROOT}/../../../../../../ZFFramework/tools/common/unity_build.sh \"${SRCROOT}/ProjectFiles/zfgensrc_ZFLua_impl.mm\" \"${SRCROOT}/../../../zfsrc\"";
		};
		BC1F01A65BD8F9C1FC57A4F0B8A833E2 /* ShellScript */ = {
			isa = PBXShellScriptBuildPhase;
			buildActionMask = 2147483647;
			files = (
			);
			inputPaths = (
			);
			outputPaths = (
			);
			runOnlyForDeploymentPostprocessing = 0;
			shellPath = /bin/sh;
			shellScript = "ZF_ROOT_PATH=${SRCROOT}/../../../../../../ZFFramework\nZF_TOOLS_PATH=$ZF_ROOT_PATH/tools\n\nsh $ZF_TOOLS_PATH/spec/iOS_aggregate.sh ${PROJECT_NAME} ${SRCROOT}/../../..\n";
		};
/* End PBXShellScriptBuildPhase section */

/* Begin PBXSourcesBuildPhase section */
		0682D0309B19710F8588C27C95190B8B /* Sources */ = {
			isa = PBXSourcesBuildPhase;
			buildActionMask = 2147483647;
			files = (
				9022F24D500A657B579F2830D7DAD7BB /* lapi.c in Sources */,
				68F3F1134E5A78778B2B97959F1656BF /* lauxlib.c in Sources */,
				21AF8828A40206C7DFBC75BFEE45953E /* lbaselib.c in Sources */,
				7D83BCB26733C241FCB5935266BFF506 /* lbitlib.c in Sources */,
				D23138F326A2EFE599CAC4FDB60BB8C3 /* lcode.c in Sources */,
				36E08D3BAB24CE05E5FB73275A8939A6 /* lcorolib.c in Sources */,
				4D938CB39E34FAAF450A1816A1A90339 /* lctype.c in Sources */,
				601C72DD9F7177581B68AAC72E11DB52 /* ldblib.c in Sources */,
				E70AD240706EE5B3F211657B28FA3A8E /* ldebug.c in Sources */,
				3C776C8BFE28E0CE95E3C3BE2256C393 /* ldo.c in Sources */,
				C8FA5DFD5D1F364CF816DD0439201A0E /* ldump.c in Sources */,
				94EFD1F10A65FCB6A7663343366E1198 /* lfunc.c in Sources */,
				05653A06097F72E74D197F26F8F58773 /* lgc.c in Sources */,
				A555239B545CBE1E978D989AB13FCD36 /* linit.c in Sources */,
				CDB171536F501893A8B6508F5EE5AC78 /* liolib.c in Sources */,
				E12DEE3B2B18F569FAE0903686C02BD7 /* llex.c in Sources */,
				9BEFEA6FBF0F9FEFA07AC3715607F87C /* lmathlib.c in Sources */,
				076DE46FB42B8F516FBEAB68CFB82135 /* lmem.c in Sources */,
				08773657769D738DA9E791C465F08F91 /* loadlib.c in Sources */,
				D82E3AAB26195ACAF2E087885EB10B83 /* lobject.c in Sources */,
				56D97C08E35E8C491C70EF738E3A7EA0 /* lopcodes.c in Sources */,
				1571A325A07F89C62199C2DFEAE7D35D /* loslib.c in Sources */,
				A24661768A16899C21EBB44A89F06B33 /* lparser.c in Sources */,
				07E0BEC875EBD3EF528E48C61B2D99FA /* lstate.c in Sources */,
				4AF890211EC1F48D2EDC9EBC79B8F2CB /* lstring.c in Sources */,
				E7C3874353B5C309ACC0168A4E9F1267 /* lstrlib.c in Sources */,
				947410037210F5550FD58EB6E6269B51 /* ltable.c in Sources */,
				7CBF9D5D27671CD1B32BBCF44797C2D2 /* ltablib.c in Sources */,
				E28ED0599AE4C996E12187E7E54AEF4E /* ltm.c in Sources */,
				D38D3A5E31DD5196EF7A9CB37CA4129A /* lundump.c in Sources */,
				3C295B502362A4896353079605F2D011 /* lutf8lib.c in Sources */,
				1B9BFE8D3DDEC7B092987A4259F1D973 /* lvm.c in Sources */,
				067608936520D4D51DB121043AFF4F6E /* lzio.c in Sources */,
				4D7265AB50E2B075EE8DFDFFAE337343 /* zfgensrc_ZFLua_impl.mm in Sources */,
			);
			runOnlyForDeploymentPostprocessing = 0;
		};
/* End PBXSourcesBuildPhase section */

/* Begin XCBuildConfiguration section */
		08D5B249D030ED235047B93280085401 /* Debug */ = {
			isa = XCBuildConfiguration;
			buildSettings = {
				PRODUCT_NAME = "$(TARGET_NAME)";
			};
			name = Debug;
		};
		1B1419BBD9A454E6CD380E74A2CFCE9F /* Release */ = {
			isa = XCBuildConfiguration;
			buildSettings = {
				PRODUCT_NAME = "$(TARGET_NAME)";
			};
			name = Release;
		};
		58044703057A682727FA16ED30283E52 /* Debug */ = {
			isa = XCBuildConfiguration;
			buildSettings = {
				CLANG_ENABLE_OBJC_ARC = YES;
				ENABLE_BITCODE = NO;
				GCC_INLINES_ARE_PRIVATE_EXTERN = YES;
				GCC_SYMBOLS_PRIVATE_EXTERN = YES;
				MACH_O_TYPE = staticlib;
				OTHER_LDFLAGS = (
					"$(inherited)",
					"-Objc",
					"-all_load",
				);
				PRODUCT_NAME = "$(TARGET_NAME)";
				SKIP_INSTALL = YES;
				USER_HEADER_SEARCH_PATHS = "$(inherited) ${SRCROOT}/../../../zfsrc ${SRCROOT}/../../../../../../ZFFramework/_release/iOS/all/include";
			};
			name = Debug;
		};
		9F08CC5A7A927CF3A04B6C997916A569 /* Release */ = {
			isa = XCBuildConfiguration;
			buildSettings = {
				ALWAYS_SEARCH_USER_PATHS = NO;
				CLANG_CXX_LANGUAGE_STANDARD = "gnu++0x";
				CLANG_CXX_LIBRARY = "libc++";
				CLANG_ENABLE_MODULES = YES;
				CLANG_ENABLE_OBJC_ARC = YES;
				CLANG_WARN_BOOL_CONVERSION = YES;
				CLANG_WARN_CONSTANT_CONVERSION = YES;
				CLANG_WARN_DIRECT_OBJC_ISA_USAGE = YES_ERROR;
				CLANG_WARN_EMPTY_BODY = YES;
				CLANG_WARN_ENUM_CONVERSION = YES;
				CLANG_WARN_INFINITE_RECURSION = YES;
				CLANG_WARN_INT_CONVERSION = YES;
				CLANG_WARN_OBJC_ROOT_CLASS = YES_ERROR;
				CLANG_WARN_SUSPICIOUS_MOVE = YES;
				CLANG_WARN_UNREACHABLE_CODE = YES;
				CLANG_WARN__DUPLICATE_METHOD_MATCH = YES;
				"CODE_SIGN_IDENTITY[sdk=iphoneos*]" = "iPhone Developer";
				COPY_PHASE_STRIP = NO;
				DEBUG_INFORMATION_FORMAT = dwarf;
				ENABLE_NS_ASSERTIONS = NO;
				ENABLE_STRICT_OBJC_MSGSEND = YES;
				GCC_C_LANGUAGE_STANDARD = gnu99;
				GCC_NO_COMMON_BLOCKS = YES;
				GCC_WARN_64_TO_32_BIT_CONVERSION = YES;
				GCC_WARN_ABOUT_RETURN_TYPE = YES_ERROR;
				GCC_WARN_UNDECLARED_SELECTOR = YES;
				GCC_WARN_UNINITIALIZED_AUTOS = YES_AGGRESSIVE;
				GCC_WARN_UNUSED_FUNCTION = YES;
				GCC_WARN_UNUSED_VARIABLE = YES;
				IPHONEOS_DEPLOYMENT_TARGET = 8.0;
				MTL_ENABLE_DEBUG_INFO = NO;
				SDKROOT = iphoneos;
				VALIDATE_PRODUCT = YES;
			};
			name = Release;
		};
		AF4340DAE07A7E6A7D060902AEF95A96 /* Release */ = {
			isa = XCBuildConfiguration;
			buildSettings = {
				CLANG_ENABLE_OBJC_ARC = YES;
				ENABLE_BITCODE = NO;
				GCC_INLINES_ARE_PRIVATE_EXTERN = YES;
				GCC_SYMBOLS_PRIVATE_EXTERN = YES;
				MACH_O_TYPE = staticlib;
				OTHER_LDFLAGS = (
					"$(inherited)",
					"-Objc",
					"-all_load",
				);
				PRODUCT_NAME = "$(TARGET_NAME)";
				SKIP_INSTALL = YES;
				USER_HEADER_SEARCH_PATHS = "$(inherited) ${SRCROOT}/../../../zfsrc ${SRCROOT}/../../../../../../ZFFramework/_release/iOS/all/include";
			};
			name = Release;
		};
		EB39C6C9EF0DFF19C089243188E2A766 /* Debug */ = {
			isa = XCBuildConfiguration;
			buildSettings = {
				ALWAYS_SEARCH_USER_PATHS = NO;
				CLANG_CXX_LANGUAGE_STANDARD = "gnu++0x";
				CLANG_CXX_LIBRARY = "libc++";
				CLANG_ENABLE_MODULES = YES;
				CLANG_ENABLE_OBJC_ARC = YES;
				CLANG_WARN_BOOL_CONVERSION = YES;
				CLANG_WARN_CONSTANT_CONVERSION = YES;
				CLANG_WARN_DIRECT_OBJC_ISA_USAGE = YES_ERROR;
				CLANG_WARN_EMPTY_BODY = YES;
				CLANG_WARN_ENUM_CONVERSION = YES;
				CLANG_WARN_INFINITE_RECURSION = YES;
				CLANG_WARN_INT_CONVERSION = YES;
				CLANG_WARN_OBJC_ROOT_CLASS = YES_ERROR;
				CLANG_WARN_SUSPICIOUS_MOVE = YES;
				CLANG_WARN_UNREACHABLE_CODE = YES;
				CLANG_WARN__DUPLICATE_METHOD_MATCH = YES;
				"CODE_SIGN_IDENTITY[sdk=iphoneos*]" = "iPhone Developer";
				COPY_PHASE_STRIP = NO;
				DEBUG_INFORMATION_FORMAT = dwarf;
				ENABLE_STRICT_OBJC_MSGSEND = YES;
				ENABLE_TESTABILITY = YES;
				GCC_C_LANGUAGE_STANDARD = gnu99;
				GCC_DYNAMIC_NO_PIC = NO;
				GCC_NO_COMMON_BLOCKS = YES;
				GCC_OPTIMIZATION_LEVEL = 0;
				GCC_PREPROCESSOR_DEFINITIONS = (
					"DEBUG=1",
					"$(inherited)",
				);
				GCC_WARN_64_TO_32_BIT_CONVERSION = YES;
				GCC_WARN_ABOUT_RETURN_TYPE = YES_ERROR;
				GCC_WARN_UNDECLARED_SELECTOR = YES;
				GCC_WARN_UNINITIALIZED_AUTOS = YES_AGGRESSIVE;
				GCC_WARN_UNUSED_FUNCTION = YES;
				GCC_WARN_UNUSED_VARIABLE = YES;
				IPHONEOS_DEPLOYMENT_TARGET = 8.0;
				MTL_ENABLE_DEBUG_INFO = YES;
				ONLY_ACTIVE_ARCH = YES;
				SDKROOT = iphoneos;
			};
			name = Debug;
		};
/* End XCBuildConfiguration section */

/* Begin XCConfigurationList section */
		11E5B48D6355A2E6E883CE065EC72AC9 /* Build configuration list for PBXNativeTarget "ZFLua_impl" */ = {
			isa = XCConfigurationList;
			buildConfigurations = (
				58044703057A682727FA16ED30283E52 /* Debug */,
				AF4340DAE07A7E6A7D060902AEF95A96 /* Release */,
			);
			defaultConfigurationIsVisible = 0;
			defaultConfigurationName = Release;
		};
		24A243CE1D2AE6B039F4F045508ADCF7 /* Build configuration list for PBXAggregateTarget "ZFLua_impl_aggregate" */ = {
			isa = XCConfigurationList;
			buildConfigurations = (
				08D5B249D030ED235047B93280085401 /* Debug */,
				1B1419BBD9A454E6CD380E74A2CFCE9F /* Release */,
			);
			defaultConfigurationIsVisible = 0;
			defaultConfigurationName = Release;
		};
		98A0C722A19A07A0D87D3E97AF916376 /* Build configuration list for PBXProject "ZFLua_impl" */ = {
			isa = XCConfigurationList;
			buildConfigurations = (
				EB39C6C9EF0DFF19C089243188E2A766 /* Debug */,
				9F08CC5A7A927CF3A04B6C997916A569 /* Release */,
			);
			defaultConfigurationIsVisible = 0;
			defaultConfigurationName = Release;
		};
/* End XCConfigurationList section */
	};
	rootObject = 67CA1C1B68C5AAB5EF397340EE5677C5 /* Project object */;
}
