// !$*UTF8*$!
{
	archiveVersion = 1;
	classes = {
	};
	objectVersion = 46;
	objects = {

/* Begin PBXBuildFile section */
		000908925660CF13E8153601FE98DB01 /* lvm.c in Sources */ = {isa = PBXBuildFile; fileRef = 3CF4AA38AE70B1BCBEEA0465DDB5AD83 /* lvm.c */; };
		0475832100CF417FA4F71F8133220D86 /* AppDelegate.mm in Sources */ = {isa = PBXBuildFile; fileRef = B404F4973EFB59543C761D94AD451804 /* AppDelegate.mm */; };
		0886821765F178CC9C31F69F082F40B9 /* loadlib.c in Sources */ = {isa = PBXBuildFile; fileRef = CAC5E6BFF1180761BC92D92D4D945B47 /* loadlib.c */; };
		127B8B2466F392CB376F4BBD0E723285 /* liolib.c in Sources */ = {isa = PBXBuildFile; fileRef = C9DAA3978675248473C567AD42FE0B3A /* liolib.c */; };
		12BB8F67CEF8126BDA98D1A6B1A6B303 /* lundump.c in Sources */ = {isa = PBXBuildFile; fileRef = 7E4444FAA035B1C83F25889E29927630 /* lundump.c */; };
		1404433C2DB467854CCA542E9C3D3755 /* lmathlib.c in Sources */ = {isa = PBXBuildFile; fileRef = 7904C4E1E82A959B82CFD9EE2E740A13 /* lmathlib.c */; };
		179B25E889E0C750AB1C49F375AD0BA7 /* lparser.c in Sources */ = {isa = PBXBuildFile; fileRef = 0B62E8B60896F04BEDCED88A467DF6FF /* lparser.c */; };
		1E9DFABBA6B51C078635E8C34DF28589 /* lstrlib.c in Sources */ = {isa = PBXBuildFile; fileRef = 69AB686A95DA6911C45070F39D25E3C8 /* lstrlib.c */; };
		26A77665A1765390C6D898FEB442C6B2 /* lstate.c in Sources */ = {isa = PBXBuildFile; fileRef = 88A6A20865E8F67523C27739B24AF028 /* lstate.c */; };
		2760DA8CC376A5A127CBE04AF4DE1B32 /* zfgensrc_ZFUIWebKit_impl.mm in Sources */ = {isa = PBXBuildFile; fileRef = 17AB26D1BB78BCF7ED408A961C961F18 /* zfgensrc_ZFUIWebKit_impl.mm */; };
		2C31238A57E5020EA0E9927D1CF3A980 /* lmem.c in Sources */ = {isa = PBXBuildFile; fileRef = A9AE6DF6CF5F951B2A1B7CACECC8F89C /* lmem.c */; };
		3013E9B201E8C1C5D52A922DF1E2A34D /* ltests.c in Sources */ = {isa = PBXBuildFile; fileRef = 4B2042393F367B8784A055A600322B96 /* ltests.c */; };
		30F949168B0BF679BE29A4B708E08C74 /* lfunc.c in Sources */ = {isa = PBXBuildFile; fileRef = 5ACFC43F6DD4887BE76D13B361C8476C /* lfunc.c */; };
		3361665B25B7DCCAD2FBB04C03D9B461 /* zfgensrc_ZF_loader_impl.mm in Sources */ = {isa = PBXBuildFile; fileRef = 86450108529EFD924AE99CF92738CD66 /* zfgensrc_ZF_loader_impl.mm */; };
		351797074F3CABA4578FDF340816DBDC /* zfgensrc_ZFCore_impl.mm in Sources */ = {isa = PBXBuildFile; fileRef = F1AE772DD387678E7B3BE66FD31295AC /* zfgensrc_ZFCore_impl.mm */; };
		35F2B63E8259C67D28ED7E21BB6537E7 /* zfgensrc_ZFLua_impl.mm in Sources */ = {isa = PBXBuildFile; fileRef = B03B49E303E0A3F7F2FABF496E6C48BB /* zfgensrc_ZFLua_impl.mm */; };
		3BB3819E62ADD9A7B202C364DA71CD8E /* lobject.c in Sources */ = {isa = PBXBuildFile; fileRef = B16CA50A9C871A679B8BCA2B381CDDD0 /* lobject.c */; };
		3CB33592BF3B13EDC738B807067D5D6C /* Icon@2x.png in Resources */ = {isa = PBXBuildFile; fileRef = 92D4752C4014B0C3ACB8A222AC41FA50 /* Icon@2x.png */; };
		409008F608EDD567C5C45C691E367508 /* zfgensrc_ZFUIKit_impl.mm in Sources */ = {isa = PBXBuildFile; fileRef = D3C9715F3B79E478E5937E218F2B13BD /* zfgensrc_ZFUIKit_impl.mm */; };
		43B9894F1AB11C2B93F78944910067D1 /* WebKit.framework in Frameworks */ = {isa = PBXBuildFile; fileRef = 5571A6E22034D37232435DDD2BC0C36F /* WebKit.framework */; };
		49BEC39CCAEB6C0BBABB3CF0B296074D /* lstring.c in Sources */ = {isa = PBXBuildFile; fileRef = 3F1917C3B88E1CA929097B2622E973DF /* lstring.c */; };
		4D62EE679847C1DA4912179DCCC786D8 /* Icon.png in Resources */ = {isa = PBXBuildFile; fileRef = 180356FC1063A700CD5782320AB96DA4 /* Icon.png */; };
		50610BFBD44C039208F3E20107518807 /* ltable.c in Sources */ = {isa = PBXBuildFile; fileRef = B625B8C55DCB457F64C49956EE576069 /* ltable.c */; };
		5198BC549C2A153203AEE5759F909AAD /* lzio.c in Sources */ = {isa = PBXBuildFile; fileRef = 3686459643578B93B35B7A9C357A9C3B /* lzio.c */; };
		53A99C0AEC561A0F8C8DAB85002F5FC0 /* ldebug.c in Sources */ = {isa = PBXBuildFile; fileRef = 59C9843B90E5B55FCC47458082FA9967 /* ldebug.c */; };
		5479CEAA185D09A035DE1B793CC47083 /* lutf8lib.c in Sources */ = {isa = PBXBuildFile; fileRef = 3CA3D2D09EC930A1FBF7E246F3CAE01D /* lutf8lib.c */; };
		5516E803261B92A909D49D3047F6D5A6 /* lauxlib.c in Sources */ = {isa = PBXBuildFile; fileRef = 47E267C1715B556CDB460D9EDFF067C4 /* lauxlib.c */; };
		56AA8E679C46234E2A9DD9AAB7A38BC2 /* lctype.c in Sources */ = {isa = PBXBuildFile; fileRef = F366B29E109BAE4AD665BB1832DC4AD6 /* lctype.c */; };
		58C92B21FD664EE475034573AB7632BC /* lbitlib.c in Sources */ = {isa = PBXBuildFile; fileRef = 6152861E9AA57343FD48D23C8FF509B4 /* lbitlib.c */; };
		5A2D1B7E525EFA11B011F293A9612C7A /* CoreGraphics.framework in Frameworks */ = {isa = PBXBuildFile; fileRef = ACA60027D62B88AEAE715B00485C4449 /* CoreGraphics.framework */; };
		5AD62590FCBED9C00949DDFDAFD129D9 /* Foundation.framework in Frameworks */ = {isa = PBXBuildFile; fileRef = 8B0EB20273DFFC54E3E2B05F6BA13015 /* Foundation.framework */; };
		5F277D3DF678FEA30DEBBED23810A5F1 /* zfgensrc_ZFAlgorithm.mm in Sources */ = {isa = PBXBuildFile; fileRef = 10DC1E1FCFFCC7E1FAC4F812991671B7 /* zfgensrc_ZFAlgorithm.mm */; };
		63381FA5474AD5BAA697231198C29DBD /* zfgensrc_ZF_impl.mm in Sources */ = {isa = PBXBuildFile; fileRef = 60EC2951F4A07076BC22AA8BFB500224 /* zfgensrc_ZF_impl.mm */; };
		68D5E2E252194E199F6CE0F6490D11F7 /* lopcodes.c in Sources */ = {isa = PBXBuildFile; fileRef = 6D230FF7B38F3A48328C2511B76DB988 /* lopcodes.c */; };
		6E544322FDE3DE14DBB7EC8AA97C9850 /* lbaselib.c in Sources */ = {isa = PBXBuildFile; fileRef = 6C367CCB2C25695E8DF9149360BC94F8 /* lbaselib.c */; };
		7082B19F7D8FC407001BA96EADAD1E4F /* lapi.c in Sources */ = {isa = PBXBuildFile; fileRef = 6DC0FEF4224FE865B42F99E9B9CBD982 /* lapi.c */; };
		72CB506F5F3FE12F744B5AC302D863AF /* ltm.c in Sources */ = {isa = PBXBuildFile; fileRef = 0145F60977B8AF2DC3536DA43B5095FA /* ltm.c */; };
		73D112006DE9E459256DFBAA6D72875E /* ldo.c in Sources */ = {isa = PBXBuildFile; fileRef = E21FCE48B7A30D5096711BF271F4A322 /* ldo.c */; };
		7978EADE23C4EF15B96506A4AF0CDAB2 /* QuartzCore.framework in Frameworks */ = {isa = PBXBuildFile; fileRef = 83E96AC3B662FD2F9BBE9FA0548335E2 /* QuartzCore.framework */; };
		7AAB264F9EBFF703035C5FC569B3FA03 /* lcorolib.c in Sources */ = {isa = PBXBuildFile; fileRef = 8FFFDD2B271970AA89A817910A45FBE7 /* lcorolib.c */; };
		7BC0E92A17EC04BEA04A22F498634240 /* zfgensrc_ZFAddition.mm in Sources */ = {isa = PBXBuildFile; fileRef = 2AB62495FC4238F933A5110508A58CED /* zfgensrc_ZFAddition.mm */; };
		7EDB8EF16AA810AAD96B2199E7F3132E /* loslib.c in Sources */ = {isa = PBXBuildFile; fileRef = 9C5A42ECEF974A70CEB8ADFBE73D3A49 /* loslib.c */; };
		8B0E7639DFAE3D9DBC55CB17879777FB /* ELuna.cpp in Sources */ = {isa = PBXBuildFile; fileRef = B028BF3B5A92BB8E72D59441CB0CC194 /* ELuna.cpp */; };
		8D97D0F5FD07738C07D8CEA9C5BBB64C /* zfgensrc_ZFAlgorithm_impl.mm in Sources */ = {isa = PBXBuildFile; fileRef = 92A9CD3292AD2A56E28CCC65F719E3B8 /* zfgensrc_ZFAlgorithm_impl.mm */; };
		9057EC721FE599849775818BFAAA0F61 /* lgc.c in Sources */ = {isa = PBXBuildFile; fileRef = E7FE701475F57D222906F0E6EE5DB236 /* lgc.c */; };
		907A16148B5BAFBF85C825B2153E4E33 /* ldump.c in Sources */ = {isa = PBXBuildFile; fileRef = C60DC727086B6B602B12CFDDB7A25A59 /* ldump.c */; };
		9157AE24D007CA0FC7DA8411DAB8F802 /* RootViewController.m in Sources */ = {isa = PBXBuildFile; fileRef = 18D0BE3A327DFC12EC7A348C54A37BE7 /* RootViewController.m */; };
		937B1797FC3AAC31520A5006F9773B48 /* zfgensrc_ZFUIWidget.mm in Sources */ = {isa = PBXBuildFile; fileRef = ED5A4F273FE85272C35BCF0D62EDEB9B /* zfgensrc_ZFUIWidget.mm */; };
		94ABABF1EFC642320F87D3F8AC3811A8 /* zfgensrc_ZFUtility.mm in Sources */ = {isa = PBXBuildFile; fileRef = 50FA77A84E0C5EB00913A543DEFE2BA5 /* zfgensrc_ZFUtility.mm */; };
		94F5EB224C44832ED49F9402B77A6C22 /* zfgensrc_ZFUIKit.mm in Sources */ = {isa = PBXBuildFile; fileRef = DA3B39E7F20FC9E9EA56C43B1C205EC0 /* zfgensrc_ZFUIKit.mm */; };
		9C424F0584E327DD77DD241C14240DB1 /* Icon-72.png in Resources */ = {isa = PBXBuildFile; fileRef = D01A9F9B443A7DB46BCE695ADBBFC55D /* Icon-72.png */; };
		9D0D1FE9B03CD6888A47F2E1F10B0DBC /* main.m in Sources */ = {isa = PBXBuildFile; fileRef = 1B590707DC0A4030D44301E4E95E8E62 /* main.m */; };
		9F74A258BD406F304D89045DF5E40A34 /* Default-568h@2x.png in Resources */ = {isa = PBXBuildFile; fileRef = D108275A6468BEA69C8E0941D81453E6 /* Default-568h@2x.png */; };
		ABC1C509DB921D6B7A4FBF00AE967A35 /* zfgensrc_ZFLua.mm in Sources */ = {isa = PBXBuildFile; fileRef = C572D74AAC90C19F4DAA1208AD75DD38 /* zfgensrc_ZFLua.mm */; };
		B444E1034EE4F71F860956EDA8CD79F3 /* Icon-50.png in Resources */ = {isa = PBXBuildFile; fileRef = 9E6076B3FC80DEDD41ADEAD3C95FB9E9 /* Icon-50.png */; };
		BC097A42F2AF708C5BD01734A83AE5F7 /* zfgensrc_ZFCore.mm in Sources */ = {isa = PBXBuildFile; fileRef = C46E749A3FC990990D535223D1B10BB4 /* zfgensrc_ZFCore.mm */; };
		BD0CBCE2693888635DB178C55B63083D /* linit.c in Sources */ = {isa = PBXBuildFile; fileRef = 617BBBAC1676DE057E3CA540CD6B54F2 /* linit.c */; };
		C03B4399207ACFBF54B5F26B70E107AC /* llex.c in Sources */ = {isa = PBXBuildFile; fileRef = 2DF2147A78933A25CBEAA3F7A0FC7C96 /* llex.c */; };
		C9124B6978FDB3869D1977CCEB720A68 /* RootViewController.xib in Resources */ = {isa = PBXBuildFile; fileRef = 97E4FCE5DE10177691FE113361286EB0 /* RootViewController.xib */; };
		CC0FB20D751D4331B68A1682029828DA /* Icon-29.png in Resources */ = {isa = PBXBuildFile; fileRef = 75C6F8AF0F0F8CAE69C9F8A7D513DFD8 /* Icon-29.png */; };
		CEA27A2A44DC1E8F43E5BE31C02F1B20 /* lcode.c in Sources */ = {isa = PBXBuildFile; fileRef = 7EF82DAB8CBF3B090BFF2B16F0FF41E6 /* lcode.c */; };
		D55978FC2F2C331D5CB4ED4BD73ABF4A /* zfgensrc_ZFFramework_test.mm in Sources */ = {isa = PBXBuildFile; fileRef = 432AE8FEE0B1231DC226F217C0DF9873 /* zfgensrc_ZFFramework_test.mm */; };
		DCD914C5D9C5A276FB36C23AECFFF8A8 /* ldblib.c in Sources */ = {isa = PBXBuildFile; fileRef = A2F55ABE5E03ADCD085EF198BEE5F4C1 /* ldblib.c */; };
		E504674A05B3727698092019FCDFA463 /* zfgensrc_ZFUIWebKit.mm in Sources */ = {isa = PBXBuildFile; fileRef = 7BEB195E58610F4F8426532C98603F24 /* zfgensrc_ZFUIWebKit.mm */; };
		F433DF2F8E9048B804750BC6FCA26E0D /* UIKit.framework in Frameworks */ = {isa = PBXBuildFile; fileRef = 18FED90F590D54A4B04F1AC67DAE2C8E /* UIKit.framework */; };
		F82F84E2DEF6983BBA1240B5CB73FC65 /* ltablib.c in Sources */ = {isa = PBXBuildFile; fileRef = 2AFCCC2D3B9BED6A1BF9906FC1A2A8B8 /* ltablib.c */; };
/* End PBXBuildFile section */

/* Begin PBXFileReference section */
		0145F60977B8AF2DC3536DA43B5095FA /* ltm.c */ = {isa = PBXFileReference; fileEncoding = 4; lastKnownFileType = sourcecode.c.c; path = ltm.c; sourceTree = "<group>"; };
		04B55D133B4AC43BA4CE6FE0AF1412DF /* ltable.h */ = {isa = PBXFileReference; fileEncoding = 4; lastKnownFileType = sourcecode.c.h; path = ltable.h; sourceTree = "<group>"; };
		04DC35D16CB0D22552CA436001CD3CBD /* lstate.h */ = {isa = PBXFileReference; fileEncoding = 4; lastKnownFileType = sourcecode.c.h; path = lstate.h; sourceTree = "<group>"; };
		0B62E8B60896F04BEDCED88A467DF6FF /* lparser.c */ = {isa = PBXFileReference; fileEncoding = 4; lastKnownFileType = sourcecode.c.c; path = lparser.c; sourceTree = "<group>"; };
		10DC1E1FCFFCC7E1FAC4F812991671B7 /* zfgensrc_ZFAlgorithm.mm */ = {isa = PBXFileReference; fileEncoding = 4; lastKnownFileType = sourcecode.cpp.objcpp; path = zfgensrc_ZFAlgorithm.mm; sourceTree = "<group>"; };
		17AB26D1BB78BCF7ED408A961C961F18 /* zfgensrc_ZFUIWebKit_impl.mm */ = {isa = PBXFileReference; fileEncoding = 4; lastKnownFileType = sourcecode.cpp.objcpp; path = zfgensrc_ZFUIWebKit_impl.mm; sourceTree = "<group>"; };
		180356FC1063A700CD5782320AB96DA4 /* Icon.png */ = {isa = PBXFileReference; lastKnownFileType = image.png; path = Icon.png; sourceTree = "<group>"; };
		1831775FCA645FA3917F8EDF5F882220 /* lobject.h */ = {isa = PBXFileReference; fileEncoding = 4; lastKnownFileType = sourcecode.c.h; path = lobject.h; sourceTree = "<group>"; };
		18D0BE3A327DFC12EC7A348C54A37BE7 /* RootViewController.m */ = {isa = PBXFileReference; fileEncoding = 4; lastKnownFileType = sourcecode.c.objc; name = RootViewController.m; path = ../../../../../../ZFFramework/ZF/ZF_loader_impl/zfproj/iOS/ZF_loader_impl/ProjectFiles/RootViewController.m; sourceTree = "<group>"; };
		18FED90F590D54A4B04F1AC67DAE2C8E /* UIKit.framework */ = {isa = PBXFileReference; lastKnownFileType = wrapper.framework; name = UIKit.framework; path = System/Library/Frameworks/UIKit.framework; sourceTree = SDKROOT; };
		1B590707DC0A4030D44301E4E95E8E62 /* main.m */ = {isa = PBXFileReference; fileEncoding = 4; lastKnownFileType = sourcecode.c.objc; name = main.m; path = ../../../../../../ZFFramework/ZF/ZF_loader_impl/zfproj/iOS/ZF_loader_impl/ProjectFiles/main.m; sourceTree = "<group>"; };
		202482B7BFF2C9CDE84231FE23E481BD /* ltm.h */ = {isa = PBXFileReference; fileEncoding = 4; lastKnownFileType = sourcecode.c.h; path = ltm.h; sourceTree = "<group>"; };
		295F313888361C71372A7B7B6EF7FA80 /* lzio.h */ = {isa = PBXFileReference; fileEncoding = 4; lastKnownFileType = sourcecode.c.h; path = lzio.h; sourceTree = "<group>"; };
		2AB62495FC4238F933A5110508A58CED /* zfgensrc_ZFAddition.mm */ = {isa = PBXFileReference; fileEncoding = 4; lastKnownFileType = sourcecode.cpp.objcpp; path = zfgensrc_ZFAddition.mm; sourceTree = "<group>"; };
		2AFCCC2D3B9BED6A1BF9906FC1A2A8B8 /* ltablib.c */ = {isa = PBXFileReference; fileEncoding = 4; lastKnownFileType = sourcecode.c.c; path = ltablib.c; sourceTree = "<group>"; };
		2DF2147A78933A25CBEAA3F7A0FC7C96 /* llex.c */ = {isa = PBXFileReference; fileEncoding = 4; lastKnownFileType = sourcecode.c.c; path = llex.c; sourceTree = "<group>"; };
		332F88D638391DCF6EC5E545AD032306 /* ZFFramework_test.app */ = {isa = PBXFileReference; explicitFileType = wrapper.application; includeInIndex = 0; path = ZFFramework_test.app; sourceTree = BUILT_PRODUCTS_DIR; };
		3686459643578B93B35B7A9C357A9C3B /* lzio.c */ = {isa = PBXFileReference; fileEncoding = 4; lastKnownFileType = sourcecode.c.c; path = lzio.c; sourceTree = "<group>"; };
		3A0C4EDCE019108B0FBC8CC9E367CACE /* lctype.h */ = {isa = PBXFileReference; fileEncoding = 4; lastKnownFileType = sourcecode.c.h; path = lctype.h; sourceTree = "<group>"; };
		3CA3D2D09EC930A1FBF7E246F3CAE01D /* lutf8lib.c */ = {isa = PBXFileReference; fileEncoding = 4; lastKnownFileType = sourcecode.c.c; path = lutf8lib.c; sourceTree = "<group>"; };
		3CF4AA38AE70B1BCBEEA0465DDB5AD83 /* lvm.c */ = {isa = PBXFileReference; fileEncoding = 4; lastKnownFileType = sourcecode.c.c; path = lvm.c; sourceTree = "<group>"; };
		3F1917C3B88E1CA929097B2622E973DF /* lstring.c */ = {isa = PBXFileReference; fileEncoding = 4; lastKnownFileType = sourcecode.c.c; path = lstring.c; sourceTree = "<group>"; };
		40E97D47EA6E39120415BFC5A4CD00E5 /* lopcodes.h */ = {isa = PBXFileReference; fileEncoding = 4; lastKnownFileType = sourcecode.c.h; path = lopcodes.h; sourceTree = "<group>"; };
		432AE8FEE0B1231DC226F217C0DF9873 /* zfgensrc_ZFFramework_test.mm */ = {isa = PBXFileReference; fileEncoding = 4; lastKnownFileType = sourcecode.cpp.objcpp; path = zfgensrc_ZFFramework_test.mm; sourceTree = "<group>"; };
		44A85701F7AF3D167244F538AB01689A /* ltests.h */ = {isa = PBXFileReference; fileEncoding = 4; lastKnownFileType = sourcecode.c.h; path = ltests.h; sourceTree = "<group>"; };
		47E267C1715B556CDB460D9EDFF067C4 /* lauxlib.c */ = {isa = PBXFileReference; fileEncoding = 4; lastKnownFileType = sourcecode.c.c; path = lauxlib.c; sourceTree = "<group>"; };
		4B08CAAE1232B03C34BE0204388BD6DD /* lparser.h */ = {isa = PBXFileReference; fileEncoding = 4; lastKnownFileType = sourcecode.c.h; path = lparser.h; sourceTree = "<group>"; };
		4B2042393F367B8784A055A600322B96 /* ltests.c */ = {isa = PBXFileReference; fileEncoding = 4; lastKnownFileType = sourcecode.c.c; path = ltests.c; sourceTree = "<group>"; };
		4D8A3E41B3E26CBCCDD757E9DF517B06 /* Info.plist */ = {isa = PBXFileReference; lastKnownFileType = text.plist.xml; path = Info.plist; sourceTree = "<group>"; };
		50FA77A84E0C5EB00913A543DEFE2BA5 /* zfgensrc_ZFUtility.mm */ = {isa = PBXFileReference; fileEncoding = 4; lastKnownFileType = sourcecode.cpp.objcpp; path = zfgensrc_ZFUtility.mm; sourceTree = "<group>"; };
		5571A6E22034D37232435DDD2BC0C36F /* WebKit.framework */ = {isa = PBXFileReference; lastKnownFileType = wrapper.framework; name = WebKit.framework; path = System/Library/Frameworks/WebKit.framework; sourceTree = SDKROOT; };
		59C9843B90E5B55FCC47458082FA9967 /* ldebug.c */ = {isa = PBXFileReference; fileEncoding = 4; lastKnownFileType = sourcecode.c.c; path = ldebug.c; sourceTree = "<group>"; };
		5ACFC43F6DD4887BE76D13B361C8476C /* lfunc.c */ = {isa = PBXFileReference; fileEncoding = 4; lastKnownFileType = sourcecode.c.c; path = lfunc.c; sourceTree = "<group>"; };
		60EC2951F4A07076BC22AA8BFB500224 /* zfgensrc_ZF_impl.mm */ = {isa = PBXFileReference; fileEncoding = 4; lastKnownFileType = sourcecode.cpp.objcpp; path = zfgensrc_ZF_impl.mm; sourceTree = "<group>"; };
		6152861E9AA57343FD48D23C8FF509B4 /* lbitlib.c */ = {isa = PBXFileReference; fileEncoding = 4; lastKnownFileType = sourcecode.c.c; path = lbitlib.c; sourceTree = "<group>"; };
		617BBBAC1676DE057E3CA540CD6B54F2 /* linit.c */ = {isa = PBXFileReference; fileEncoding = 4; lastKnownFileType = sourcecode.c.c; path = linit.c; sourceTree = "<group>"; };
		668EDCF7D269618DB99904CEC299B108 /* llex.h */ = {isa = PBXFileReference; fileEncoding = 4; lastKnownFileType = sourcecode.c.h; path = llex.h; sourceTree = "<group>"; };
		6777B46EAF34BEE0D2E9F4C1C69EDD3E /* lgc.h */ = {isa = PBXFileReference; fileEncoding = 4; lastKnownFileType = sourcecode.c.h; path = lgc.h; sourceTree = "<group>"; };
		68EF398AEB16CC875741A132F8AB393F /* zfsrc */ = {isa = PBXFileReference; lastKnownFileType = folder; name = zfsrc; path = ../../../zfsrc; sourceTree = "<group>"; };
		69AB686A95DA6911C45070F39D25E3C8 /* lstrlib.c */ = {isa = PBXFileReference; fileEncoding = 4; lastKnownFileType = sourcecode.c.c; path = lstrlib.c; sourceTree = "<group>"; };
		6C367CCB2C25695E8DF9149360BC94F8 /* lbaselib.c */ = {isa = PBXFileReference; fileEncoding = 4; lastKnownFileType = sourcecode.c.c; path = lbaselib.c; sourceTree = "<group>"; };
		6D230FF7B38F3A48328C2511B76DB988 /* lopcodes.c */ = {isa = PBXFileReference; fileEncoding = 4; lastKnownFileType = sourcecode.c.c; path = lopcodes.c; sourceTree = "<group>"; };
		6DC0FEF4224FE865B42F99E9B9CBD982 /* lapi.c */ = {isa = PBXFileReference; fileEncoding = 4; lastKnownFileType = sourcecode.c.c; path = lapi.c; sourceTree = "<group>"; };
		753E2C32220CF16A3D8E03578B7DCCD7 /* luaconf.h */ = {isa = PBXFileReference; fileEncoding = 4; lastKnownFileType = sourcecode.c.h; path = luaconf.h; sourceTree = "<group>"; };
		75C6F8AF0F0F8CAE69C9F8A7D513DFD8 /* Icon-29.png */ = {isa = PBXFileReference; lastKnownFileType = image.png; path = "Icon-29.png"; sourceTree = "<group>"; };
		7904C4E1E82A959B82CFD9EE2E740A13 /* lmathlib.c */ = {isa = PBXFileReference; fileEncoding = 4; lastKnownFileType = sourcecode.c.c; path = lmathlib.c; sourceTree = "<group>"; };
		7B8257E2F901E283796341002AD86F8C /* lvm.h */ = {isa = PBXFileReference; fileEncoding = 4; lastKnownFileType = sourcecode.c.h; path = lvm.h; sourceTree = "<group>"; };
		7BEB195E58610F4F8426532C98603F24 /* zfgensrc_ZFUIWebKit.mm */ = {isa = PBXFileReference; fileEncoding = 4; lastKnownFileType = sourcecode.cpp.objcpp; path = zfgensrc_ZFUIWebKit.mm; sourceTree = "<group>"; };
		7E4444FAA035B1C83F25889E29927630 /* lundump.c */ = {isa = PBXFileReference; fileEncoding = 4; lastKnownFileType = sourcecode.c.c; path = lundump.c; sourceTree = "<group>"; };
		7EF82DAB8CBF3B090BFF2B16F0FF41E6 /* lcode.c */ = {isa = PBXFileReference; fileEncoding = 4; lastKnownFileType = sourcecode.c.c; path = lcode.c; sourceTree = "<group>"; };
		8384F765250637C05F679CE02D18E806 /* lstring.h */ = {isa = PBXFileReference; fileEncoding = 4; lastKnownFileType = sourcecode.c.h; path = lstring.h; sourceTree = "<group>"; };
		83E96AC3B662FD2F9BBE9FA0548335E2 /* QuartzCore.framework */ = {isa = PBXFileReference; lastKnownFileType = wrapper.framework; name = QuartzCore.framework; path = System/Library/Frameworks/QuartzCore.framework; sourceTree = SDKROOT; };
		8448637B4A69A7ED7B2593B516C72E87 /* ELuna.h */ = {isa = PBXFileReference; fileEncoding = 4; lastKnownFileType = sourcecode.c.h; path = ELuna.h; sourceTree = "<group>"; };
		8524A496906EAEDA20274170DA321750 /* LaunchScreen.storyboard */ = {isa = PBXFileReference; lastKnownFileType = file.storyboard; path = LaunchScreen.storyboard; sourceTree = "<group>"; };
		86450108529EFD924AE99CF92738CD66 /* zfgensrc_ZF_loader_impl.mm */ = {isa = PBXFileReference; fileEncoding = 4; lastKnownFileType = sourcecode.cpp.objcpp; path = zfgensrc_ZF_loader_impl.mm; sourceTree = "<group>"; };
		88A6A20865E8F67523C27739B24AF028 /* lstate.c */ = {isa = PBXFileReference; fileEncoding = 4; lastKnownFileType = sourcecode.c.c; path = lstate.c; sourceTree = "<group>"; };
		8B0EB20273DFFC54E3E2B05F6BA13015 /* Foundation.framework */ = {isa = PBXFileReference; lastKnownFileType = wrapper.framework; name = Foundation.framework; path = System/Library/Frameworks/Foundation.framework; sourceTree = SDKROOT; };
		8FFFDD2B271970AA89A817910A45FBE7 /* lcorolib.c */ = {isa = PBXFileReference; fileEncoding = 4; lastKnownFileType = sourcecode.c.c; path = lcorolib.c; sourceTree = "<group>"; };
		91D8BE23EEAE1E10C1913F0952608E14 /* lcode.h */ = {isa = PBXFileReference; fileEncoding = 4; lastKnownFileType = sourcecode.c.h; path = lcode.h; sourceTree = "<group>"; };
		929471AE45030BC4DCA803C2DB3416C4 /* lapi.h */ = {isa = PBXFileReference; fileEncoding = 4; lastKnownFileType = sourcecode.c.h; path = lapi.h; sourceTree = "<group>"; };
		92A9CD3292AD2A56E28CCC65F719E3B8 /* zfgensrc_ZFAlgorithm_impl.mm */ = {isa = PBXFileReference; fileEncoding = 4; lastKnownFileType = sourcecode.cpp.objcpp; path = zfgensrc_ZFAlgorithm_impl.mm; sourceTree = "<group>"; };
		92D4752C4014B0C3ACB8A222AC41FA50 /* Icon@2x.png */ = {isa = PBXFileReference; lastKnownFileType = image.png; path = "Icon@2x.png"; sourceTree = "<group>"; };
		97E4FCE5DE10177691FE113361286EB0 /* RootViewController.xib */ = {isa = PBXFileReference; fileEncoding = 4; lastKnownFileType = file.xib; name = RootViewController.xib; path = ../../../../../../ZFFramework/ZF/ZF_loader_impl/zfproj/iOS/ZF_loader_impl/ProjectFiles/RootViewController.xib; sourceTree = "<group>"; };
		9C5A42ECEF974A70CEB8ADFBE73D3A49 /* loslib.c */ = {isa = PBXFileReference; fileEncoding = 4; lastKnownFileType = sourcecode.c.c; path = loslib.c; sourceTree = "<group>"; };
		9E6076B3FC80DEDD41ADEAD3C95FB9E9 /* Icon-50.png */ = {isa = PBXFileReference; lastKnownFileType = image.png; path = "Icon-50.png"; sourceTree = "<group>"; };
		A2F55ABE5E03ADCD085EF198BEE5F4C1 /* ldblib.c */ = {isa = PBXFileReference; fileEncoding = 4; lastKnownFileType = sourcecode.c.c; path = ldblib.c; sourceTree = "<group>"; };
		A9AE6DF6CF5F951B2A1B7CACECC8F89C /* lmem.c */ = {isa = PBXFileReference; fileEncoding = 4; lastKnownFileType = sourcecode.c.c; path = lmem.c; sourceTree = "<group>"; };
		ACA60027D62B88AEAE715B00485C4449 /* CoreGraphics.framework */ = {isa = PBXFileReference; lastKnownFileType = wrapper.framework; name = CoreGraphics.framework; path = System/Library/Frameworks/CoreGraphics.framework; sourceTree = SDKROOT; };
		B028BF3B5A92BB8E72D59441CB0CC194 /* ELuna.cpp */ = {isa = PBXFileReference; fileEncoding = 4; lastKnownFileType = sourcecode.cpp.cpp; path = ELuna.cpp; sourceTree = "<group>"; };
		B03B49E303E0A3F7F2FABF496E6C48BB /* zfgensrc_ZFLua_impl.mm */ = {isa = PBXFileReference; fileEncoding = 4; lastKnownFileType = sourcecode.cpp.objcpp; path = zfgensrc_ZFLua_impl.mm; sourceTree = "<group>"; };
		B05775F4439C24334AA6225336D6DDC5 /* lua.h */ = {isa = PBXFileReference; fileEncoding = 4; lastKnownFileType = sourcecode.c.h; path = lua.h; sourceTree = "<group>"; };
		B10AE3E5E97F366C25DE9152151AF84D /* RootViewController.h */ = {isa = PBXFileReference; fileEncoding = 4; lastKnownFileType = sourcecode.c.h; name = RootViewController.h; path = ../../../../../../ZFFramework/ZF/ZF_loader_impl/zfproj/iOS/ZF_loader_impl/ProjectFiles/RootViewController.h; sourceTree = "<group>"; };
		B16CA50A9C871A679B8BCA2B381CDDD0 /* lobject.c */ = {isa = PBXFileReference; fileEncoding = 4; lastKnownFileType = sourcecode.c.c; path = lobject.c; sourceTree = "<group>"; };
		B404F4973EFB59543C761D94AD451804 /* AppDelegate.mm */ = {isa = PBXFileReference; fileEncoding = 4; lastKnownFileType = sourcecode.cpp.objcpp; name = AppDelegate.mm; path = ../../../../../../ZFFramework/ZF/ZF_loader_impl/zfproj/iOS/ZF_loader_impl/ProjectFiles/AppDelegate.mm; sourceTree = "<group>"; };
		B625B8C55DCB457F64C49956EE576069 /* ltable.c */ = {isa = PBXFileReference; fileEncoding = 4; lastKnownFileType = sourcecode.c.c; path = ltable.c; sourceTree = "<group>"; };
		BB65C66F634F11A2B67D1EF6217C1788 /* lfunc.h */ = {isa = PBXFileReference; fileEncoding = 4; lastKnownFileType = sourcecode.c.h; path = lfunc.h; sourceTree = "<group>"; };
		BB930030C81C61D7FA9D87AB31CBE228 /* lauxlib.h */ = {isa = PBXFileReference; fileEncoding = 4; lastKnownFileType = sourcecode.c.h; path = lauxlib.h; sourceTree = "<group>"; };
		C114D9595EE0CE37006EB3F0C415A960 /* lualib.h */ = {isa = PBXFileReference; fileEncoding = 4; lastKnownFileType = sourcecode.c.h; path = lualib.h; sourceTree = "<group>"; };
		C46E749A3FC990990D535223D1B10BB4 /* zfgensrc_ZFCore.mm */ = {isa = PBXFileReference; fileEncoding = 4; lastKnownFileType = sourcecode.cpp.objcpp; path = zfgensrc_ZFCore.mm; sourceTree = "<group>"; };
		C572D74AAC90C19F4DAA1208AD75DD38 /* zfgensrc_ZFLua.mm */ = {isa = PBXFileReference; fileEncoding = 4; lastKnownFileType = sourcecode.cpp.objcpp; path = zfgensrc_ZFLua.mm; sourceTree = "<group>"; };
		C60DC727086B6B602B12CFDDB7A25A59 /* ldump.c */ = {isa = PBXFileReference; fileEncoding = 4; lastKnownFileType = sourcecode.c.c; path = ldump.c; sourceTree = "<group>"; };
		C9DAA3978675248473C567AD42FE0B3A /* liolib.c */ = {isa = PBXFileReference; fileEncoding = 4; lastKnownFileType = sourcecode.c.c; path = liolib.c; sourceTree = "<group>"; };
		CAC5E6BFF1180761BC92D92D4D945B47 /* loadlib.c */ = {isa = PBXFileReference; fileEncoding = 4; lastKnownFileType = sourcecode.c.c; path = loadlib.c; sourceTree = "<group>"; };
		CE8998815E8D216F2018468A5AA5AB0D /* lprefix.h */ = {isa = PBXFileReference; fileEncoding = 4; lastKnownFileType = sourcecode.c.h; path = lprefix.h; sourceTree = "<group>"; };
		D01A9F9B443A7DB46BCE695ADBBFC55D /* Icon-72.png */ = {isa = PBXFileReference; lastKnownFileType = image.png; path = "Icon-72.png"; sourceTree = "<group>"; };
		D108275A6468BEA69C8E0941D81453E6 /* Default-568h@2x.png */ = {isa = PBXFileReference; lastKnownFileType = image.png; path = "Default-568h@2x.png"; sourceTree = "<group>"; };
		D3C9715F3B79E478E5937E218F2B13BD /* zfgensrc_ZFUIKit_impl.mm */ = {isa = PBXFileReference; fileEncoding = 4; lastKnownFileType = sourcecode.cpp.objcpp; path = zfgensrc_ZFUIKit_impl.mm; sourceTree = "<group>"; };
		D83614475B9E95BE4725A1A930714A15 /* AppDelegate.h */ = {isa = PBXFileReference; fileEncoding = 4; lastKnownFileType = sourcecode.c.h; name = AppDelegate.h; path = ../../../../../../ZFFramework/ZF/ZF_loader_impl/zfproj/iOS/ZF_loader_impl/ProjectFiles/AppDelegate.h; sourceTree = "<group>"; };
		D8C934127D35F11E5CB112C8967A1F6A /* lundump.h */ = {isa = PBXFileReference; fileEncoding = 4; lastKnownFileType = sourcecode.c.h; path = lundump.h; sourceTree = "<group>"; };
		DA3B39E7F20FC9E9EA56C43B1C205EC0 /* zfgensrc_ZFUIKit.mm */ = {isa = PBXFileReference; fileEncoding = 4; lastKnownFileType = sourcecode.cpp.objcpp; path = zfgensrc_ZFUIKit.mm; sourceTree = "<group>"; };
		DC1C7CB6586D5B081C2375FA7314546F /* ldo.h */ = {isa = PBXFileReference; fileEncoding = 4; lastKnownFileType = sourcecode.c.h; path = ldo.h; sourceTree = "<group>"; };
		DFC5B9430F81E0C17B61DE55A62EA143 /* lmem.h */ = {isa = PBXFileReference; fileEncoding = 4; lastKnownFileType = sourcecode.c.h; path = lmem.h; sourceTree = "<group>"; };
		E21FCE48B7A30D5096711BF271F4A322 /* ldo.c */ = {isa = PBXFileReference; fileEncoding = 4; lastKnownFileType = sourcecode.c.c; path = ldo.c; sourceTree = "<group>"; };
		E7FE701475F57D222906F0E6EE5DB236 /* lgc.c */ = {isa = PBXFileReference; fileEncoding = 4; lastKnownFileType = sourcecode.c.c; path = lgc.c; sourceTree = "<group>"; };
		E9712DA1BD03A0053966D565F6D9CC29 /* llimits.h */ = {isa = PBXFileReference; fileEncoding = 4; lastKnownFileType = sourcecode.c.h; path = llimits.h; sourceTree = "<group>"; };
		ED5A4F273FE85272C35BCF0D62EDEB9B /* zfgensrc_ZFUIWidget.mm */ = {isa = PBXFileReference; fileEncoding = 4; lastKnownFileType = sourcecode.cpp.objcpp; path = zfgensrc_ZFUIWidget.mm; sourceTree = "<group>"; };
		F1AE772DD387678E7B3BE66FD31295AC /* zfgensrc_ZFCore_impl.mm */ = {isa = PBXFileReference; fileEncoding = 4; lastKnownFileType = sourcecode.cpp.objcpp; path = zfgensrc_ZFCore_impl.mm; sourceTree = "<group>"; };
		F366B29E109BAE4AD665BB1832DC4AD6 /* lctype.c */ = {isa = PBXFileReference; fileEncoding = 4; lastKnownFileType = sourcecode.c.c; path = lctype.c; sourceTree = "<group>"; };
		F6A030F2AB6193EE7D55B1AEA433BB3C /* ldebug.h */ = {isa = PBXFileReference; fileEncoding = 4; lastKnownFileType = sourcecode.c.h; path = ldebug.h; sourceTree = "<group>"; };
/* End PBXFileReference section */

/* Begin PBXFrameworksBuildPhase section */
		3C8782C48508D2AB3E45AA571B89A89B /* Frameworks */ = {
			isa = PBXFrameworksBuildPhase;
			buildActionMask = 2147483647;
			files = (
				5A2D1B7E525EFA11B011F293A9612C7A /* CoreGraphics.framework in Frameworks */,
				5AD62590FCBED9C00949DDFDAFD129D9 /* Foundation.framework in Frameworks */,
				7978EADE23C4EF15B96506A4AF0CDAB2 /* QuartzCore.framework in Frameworks */,
				F433DF2F8E9048B804750BC6FCA26E0D /* UIKit.framework in Frameworks */,
				43B9894F1AB11C2B93F78944910067D1 /* WebKit.framework in Frameworks */,
			);
			runOnlyForDeploymentPostprocessing = 0;
		};
/* End PBXFrameworksBuildPhase section */

/* Begin PBXGroup section */
		0AECEAC19209CC7E01D9B924DC2490FA = {
			isa = PBXGroup;
			children = (
				857E4486077F9081AF5D079A9C170609 /* Frameworks */,
				6352D5D74736C4FC4AE806CFD2E36CEF /* Products */,
				E26189EC36AF05F05B0E5289D2564D10 /* ProjectFiles */,
				7EEE67EA178D9769DAC8B82079EC7554 /* ZFFramework_test */,
			);
			sourceTree = "<group>";
		};
		6352D5D74736C4FC4AE806CFD2E36CEF /* Products */ = {
			isa = PBXGroup;
			children = (
				332F88D638391DCF6EC5E545AD032306 /* ZFFramework_test.app */,
			);
			name = Products;
			sourceTree = "<group>";
		};
		6F037F1C9B633E7F407990486B274196 /* ZFImpl */ = {
			isa = PBXGroup;
			children = (
				EB079F9DA572AD74549D6D0C8568A670 /* _repo */,
			);
			path = ZFImpl;
			sourceTree = "<group>";
		};
		7EEE67EA178D9769DAC8B82079EC7554 /* ZFFramework_test */ = {
			isa = PBXGroup;
			children = (
				68EF398AEB16CC875741A132F8AB393F /* zfsrc */,
			);
			name = ZFFramework_test;
			sourceTree = "<group>";
		};
		857E4486077F9081AF5D079A9C170609 /* Frameworks */ = {
			isa = PBXGroup;
			children = (
				ACA60027D62B88AEAE715B00485C4449 /* CoreGraphics.framework */,
				8B0EB20273DFFC54E3E2B05F6BA13015 /* Foundation.framework */,
				83E96AC3B662FD2F9BBE9FA0548335E2 /* QuartzCore.framework */,
				18FED90F590D54A4B04F1AC67DAE2C8E /* UIKit.framework */,
				5571A6E22034D37232435DDD2BC0C36F /* WebKit.framework */,
			);
			name = Frameworks;
			sourceTree = "<group>";
		};
		9D436837588D1CA65022DE2F04A1A54B /* lua */ = {
			isa = PBXGroup;
			children = (
				6DC0FEF4224FE865B42F99E9B9CBD982 /* lapi.c */,
				929471AE45030BC4DCA803C2DB3416C4 /* lapi.h */,
				47E267C1715B556CDB460D9EDFF067C4 /* lauxlib.c */,
				BB930030C81C61D7FA9D87AB31CBE228 /* lauxlib.h */,
				6C367CCB2C25695E8DF9149360BC94F8 /* lbaselib.c */,
				6152861E9AA57343FD48D23C8FF509B4 /* lbitlib.c */,
				7EF82DAB8CBF3B090BFF2B16F0FF41E6 /* lcode.c */,
				91D8BE23EEAE1E10C1913F0952608E14 /* lcode.h */,
				8FFFDD2B271970AA89A817910A45FBE7 /* lcorolib.c */,
				F366B29E109BAE4AD665BB1832DC4AD6 /* lctype.c */,
				3A0C4EDCE019108B0FBC8CC9E367CACE /* lctype.h */,
				A2F55ABE5E03ADCD085EF198BEE5F4C1 /* ldblib.c */,
				59C9843B90E5B55FCC47458082FA9967 /* ldebug.c */,
				F6A030F2AB6193EE7D55B1AEA433BB3C /* ldebug.h */,
				E21FCE48B7A30D5096711BF271F4A322 /* ldo.c */,
				DC1C7CB6586D5B081C2375FA7314546F /* ldo.h */,
				C60DC727086B6B602B12CFDDB7A25A59 /* ldump.c */,
				5ACFC43F6DD4887BE76D13B361C8476C /* lfunc.c */,
				BB65C66F634F11A2B67D1EF6217C1788 /* lfunc.h */,
				E7FE701475F57D222906F0E6EE5DB236 /* lgc.c */,
				6777B46EAF34BEE0D2E9F4C1C69EDD3E /* lgc.h */,
				617BBBAC1676DE057E3CA540CD6B54F2 /* linit.c */,
				C9DAA3978675248473C567AD42FE0B3A /* liolib.c */,
				2DF2147A78933A25CBEAA3F7A0FC7C96 /* llex.c */,
				668EDCF7D269618DB99904CEC299B108 /* llex.h */,
				E9712DA1BD03A0053966D565F6D9CC29 /* llimits.h */,
				7904C4E1E82A959B82CFD9EE2E740A13 /* lmathlib.c */,
				A9AE6DF6CF5F951B2A1B7CACECC8F89C /* lmem.c */,
				DFC5B9430F81E0C17B61DE55A62EA143 /* lmem.h */,
				CAC5E6BFF1180761BC92D92D4D945B47 /* loadlib.c */,
				B16CA50A9C871A679B8BCA2B381CDDD0 /* lobject.c */,
				1831775FCA645FA3917F8EDF5F882220 /* lobject.h */,
				6D230FF7B38F3A48328C2511B76DB988 /* lopcodes.c */,
				40E97D47EA6E39120415BFC5A4CD00E5 /* lopcodes.h */,
				9C5A42ECEF974A70CEB8ADFBE73D3A49 /* loslib.c */,
				0B62E8B60896F04BEDCED88A467DF6FF /* lparser.c */,
				4B08CAAE1232B03C34BE0204388BD6DD /* lparser.h */,
				CE8998815E8D216F2018468A5AA5AB0D /* lprefix.h */,
				88A6A20865E8F67523C27739B24AF028 /* lstate.c */,
				04DC35D16CB0D22552CA436001CD3CBD /* lstate.h */,
				3F1917C3B88E1CA929097B2622E973DF /* lstring.c */,
				8384F765250637C05F679CE02D18E806 /* lstring.h */,
				69AB686A95DA6911C45070F39D25E3C8 /* lstrlib.c */,
				B625B8C55DCB457F64C49956EE576069 /* ltable.c */,
				04B55D133B4AC43BA4CE6FE0AF1412DF /* ltable.h */,
				2AFCCC2D3B9BED6A1BF9906FC1A2A8B8 /* ltablib.c */,
				4B2042393F367B8784A055A600322B96 /* ltests.c */,
				44A85701F7AF3D167244F538AB01689A /* ltests.h */,
				0145F60977B8AF2DC3536DA43B5095FA /* ltm.c */,
				202482B7BFF2C9CDE84231FE23E481BD /* ltm.h */,
				B05775F4439C24334AA6225336D6DDC5 /* lua.h */,
				753E2C32220CF16A3D8E03578B7DCCD7 /* luaconf.h */,
				C114D9595EE0CE37006EB3F0C415A960 /* lualib.h */,
				7E4444FAA035B1C83F25889E29927630 /* lundump.c */,
				D8C934127D35F11E5CB112C8967A1F6A /* lundump.h */,
				3CA3D2D09EC930A1FBF7E246F3CAE01D /* lutf8lib.c */,
				3CF4AA38AE70B1BCBEEA0465DDB5AD83 /* lvm.c */,
				7B8257E2F901E283796341002AD86F8C /* lvm.h */,
				3686459643578B93B35B7A9C357A9C3B /* lzio.c */,
				295F313888361C71372A7B7B6EF7FA80 /* lzio.h */,
			);
			path = lua;
			sourceTree = "<group>";
		};
		A65070439F695129F1B7599FF01237F5 /* ZF_loader_impl */ = {
			isa = PBXGroup;
			children = (
				D83614475B9E95BE4725A1A930714A15 /* AppDelegate.h */,
				B404F4973EFB59543C761D94AD451804 /* AppDelegate.mm */,
				B10AE3E5E97F366C25DE9152151AF84D /* RootViewController.h */,
				18D0BE3A327DFC12EC7A348C54A37BE7 /* RootViewController.m */,
				97E4FCE5DE10177691FE113361286EB0 /* RootViewController.xib */,
				1B590707DC0A4030D44301E4E95E8E62 /* main.m */,
			);
			name = ZF_loader_impl;
			sourceTree = "<group>";
		};
		E26189EC36AF05F05B0E5289D2564D10 /* ProjectFiles */ = {
			isa = PBXGroup;
			children = (
				A65070439F695129F1B7599FF01237F5 /* ZF_loader_impl */,
				F1263C8DAF7FDE1EF049274FE52CD1C8 /* zfsrc_ext */,
				D108275A6468BEA69C8E0941D81453E6 /* Default-568h@2x.png */,
				75C6F8AF0F0F8CAE69C9F8A7D513DFD8 /* Icon-29.png */,
				9E6076B3FC80DEDD41ADEAD3C95FB9E9 /* Icon-50.png */,
				D01A9F9B443A7DB46BCE695ADBBFC55D /* Icon-72.png */,
				180356FC1063A700CD5782320AB96DA4 /* Icon.png */,
				92D4752C4014B0C3ACB8A222AC41FA50 /* Icon@2x.png */,
				4D8A3E41B3E26CBCCDD757E9DF517B06 /* Info.plist */,
				8524A496906EAEDA20274170DA321750 /* LaunchScreen.storyboard */,
				2AB62495FC4238F933A5110508A58CED /* zfgensrc_ZFAddition.mm */,
				10DC1E1FCFFCC7E1FAC4F812991671B7 /* zfgensrc_ZFAlgorithm.mm */,
				92A9CD3292AD2A56E28CCC65F719E3B8 /* zfgensrc_ZFAlgorithm_impl.mm */,
				C46E749A3FC990990D535223D1B10BB4 /* zfgensrc_ZFCore.mm */,
				F1AE772DD387678E7B3BE66FD31295AC /* zfgensrc_ZFCore_impl.mm */,
				432AE8FEE0B1231DC226F217C0DF9873 /* zfgensrc_ZFFramework_test.mm */,
				C572D74AAC90C19F4DAA1208AD75DD38 /* zfgensrc_ZFLua.mm */,
				B03B49E303E0A3F7F2FABF496E6C48BB /* zfgensrc_ZFLua_impl.mm */,
				DA3B39E7F20FC9E9EA56C43B1C205EC0 /* zfgensrc_ZFUIKit.mm */,
				D3C9715F3B79E478E5937E218F2B13BD /* zfgensrc_ZFUIKit_impl.mm */,
				7BEB195E58610F4F8426532C98603F24 /* zfgensrc_ZFUIWebKit.mm */,
				17AB26D1BB78BCF7ED408A961C961F18 /* zfgensrc_ZFUIWebKit_impl.mm */,
				ED5A4F273FE85272C35BCF0D62EDEB9B /* zfgensrc_ZFUIWidget.mm */,
				50FA77A84E0C5EB00913A543DEFE2BA5 /* zfgensrc_ZFUtility.mm */,
				60EC2951F4A07076BC22AA8BFB500224 /* zfgensrc_ZF_impl.mm */,
				86450108529EFD924AE99CF92738CD66 /* zfgensrc_ZF_loader_impl.mm */,
			);
			path = ProjectFiles;
			sourceTree = "<group>";
		};
		EB079F9DA572AD74549D6D0C8568A670 /* _repo */ = {
			isa = PBXGroup;
			children = (
				9D436837588D1CA65022DE2F04A1A54B /* lua */,
				B028BF3B5A92BB8E72D59441CB0CC194 /* ELuna.cpp */,
				8448637B4A69A7ED7B2593B516C72E87 /* ELuna.h */,
			);
			path = _repo;
			sourceTree = "<group>";
		};
		F1263C8DAF7FDE1EF049274FE52CD1C8 /* zfsrc_ext */ = {
			isa = PBXGroup;
			children = (
				6F037F1C9B633E7F407990486B274196 /* ZFImpl */,
			);
			name = zfsrc_ext;
			path = ../../../../../ZF/ZFLua_impl/zfsrc_ext;
			sourceTree = "<group>";
		};
/* End PBXGroup section */

/* Begin PBXNativeTarget section */
		3B2EB083DB3C1AF83A72FED3B2D72C78 /* ZFFramework_test */ = {
			isa = PBXNativeTarget;
			buildConfigurationList = 00336750C69DDAD7A3FF89B02C926361 /* Build configuration list for PBXNativeTarget "ZFFramework_test" */;
			buildPhases = (
				DA905E5919818E4DC474E54AEBA7BE4E /* ZFSetup */,
				3AD31B4A929E25283911B7E516A079A4 /* ZFCompileSource */,
				FE49BA0E80CC9A58BCB9A963C16E449E /* Sources */,
				3C8782C48508D2AB3E45AA571B89A89B /* Frameworks */,
				83745D09F71B763541FB81C529246249 /* Resources */,
				66786696BA566155E5E702519BF87E54 /* ZFCopyResource */,
				3F6CA79DDDC822FBCBD41F196DDEC8EA /* ZFUniqueProj */,
			);
			buildRules = (
			);
			dependencies = (
			);
			name = ZFFramework_test;
			productName = ZFFramework_test;
			productReference = 332F88D638391DCF6EC5E545AD032306 /* ZFFramework_test.app */;
			productType = "com.apple.product-type.application";
		};
/* End PBXNativeTarget section */

/* Begin PBXProject section */
		D3865331A38B10F2939BC81F93A779B5 /* Project object */ = {
			isa = PBXProject;
			attributes = {
				LastUpgradeCheck = 0900;
				ORGANIZATIONNAME = ZFFramework;
				TargetAttributes = {
					3B2EB083DB3C1AF83A72FED3B2D72C78 = {
						CreatedOnToolsVersion = 6.1.1;
					};
				};
			};
			buildConfigurationList = C3EE857431BEAF11ACBEE4A9870088B6 /* Build configuration list for PBXProject "ZFFramework_test" */;
			compatibilityVersion = "Xcode 3.2";
			developmentRegion = English;
			hasScannedForEncodings = 0;
			knownRegions = (
				en,
			);
			mainGroup = 0AECEAC19209CC7E01D9B924DC2490FA;
			productRefGroup = 6352D5D74736C4FC4AE806CFD2E36CEF /* Products */;
			projectDirPath = "";
			projectRoot = "";
			targets = (
				3B2EB083DB3C1AF83A72FED3B2D72C78 /* ZFFramework_test */,
			);
		};
/* End PBXProject section */

/* Begin PBXResourcesBuildPhase section */
		83745D09F71B763541FB81C529246249 /* Resources */ = {
			isa = PBXResourcesBuildPhase;
			buildActionMask = 2147483647;
			files = (
				9F74A258BD406F304D89045DF5E40A34 /* Default-568h@2x.png in Resources */,
				CC0FB20D751D4331B68A1682029828DA /* Icon-29.png in Resources */,
				B444E1034EE4F71F860956EDA8CD79F3 /* Icon-50.png in Resources */,
				9C424F0584E327DD77DD241C14240DB1 /* Icon-72.png in Resources */,
				4D62EE679847C1DA4912179DCCC786D8 /* Icon.png in Resources */,
				3CB33592BF3B13EDC738B807067D5D6C /* Icon@2x.png in Resources */,
				C9124B6978FDB3869D1977CCEB720A68 /* RootViewController.xib in Resources */,
			);
			runOnlyForDeploymentPostprocessing = 0;
		};
/* End PBXResourcesBuildPhase section */

/* Begin PBXShellScriptBuildPhase section */
		3AD31B4A929E25283911B7E516A079A4 /* ZFCompileSource */ = {
			isa = PBXShellScriptBuildPhase;
			buildActionMask = 2147483647;
			files = (
			);
			inputPaths = (
			);
			name = ZFCompileSource;
			outputPaths = (
			);
			runOnlyForDeploymentPostprocessing = 0;
			shellPath = /bin/sh;
			shellScript = "sh ${SRCROOT}/ZFFramework_test.xcodeproj/ZFCompileSource.sh ${SRCROOT} ${CONFIGURATION_BUILD_DIR} ${CONTENTS_FOLDER_PATH}";
		};
		3F6CA79DDDC822FBCBD41F196DDEC8EA /* ZFUniqueProj */ = {
			isa = PBXShellScriptBuildPhase;
			buildActionMask = 2147483647;
			files = (
			);
			inputPaths = (
			);
			name = ZFUniqueProj;
			outputPaths = (
			);
			runOnlyForDeploymentPostprocessing = 0;
			shellPath = /bin/sh;
			shellScript = "sh ${SRCROOT}/../../../../../ZFFramework/tools/spec/iOS/unique_proj.sh \"${SRCROOT}/${PROJECT_NAME}.xcodeproj\"";
		};
		66786696BA566155E5E702519BF87E54 /* ZFCopyResource */ = {
			isa = PBXShellScriptBuildPhase;
			buildActionMask = 2147483647;
			files = (
			);
			inputPaths = (
			);
			name = ZFCopyResource;
			outputPaths = (
			);
			runOnlyForDeploymentPostprocessing = 0;
			shellPath = /bin/sh;
			shellScript = "sh ${SRCROOT}/ZFFramework_test.xcodeproj/ZFCopyResource.sh ${SRCROOT} ${CONFIGURATION_BUILD_DIR} ${CONTENTS_FOLDER_PATH}";
		};
		DA905E5919818E4DC474E54AEBA7BE4E /* ZFSetup */ = {
			isa = PBXShellScriptBuildPhase;
			buildActionMask = 2147483647;
			files = (
			);
			inputPaths = (
			);
			name = ZFSetup;
			outputPaths = (
			);
			runOnlyForDeploymentPostprocessing = 0;
			shellPath = /bin/sh;
			shellScript = "ZF_ROOT_PATH=${SRCROOT}/../../../../../ZFFramework\nsh \"${SRCROOT}/../../../ZFSetup.sh\"\nsh \"$ZF_ROOT_PATH/zf3rd_setup.sh\"\nsh \"$ZF_ROOT_PATH/tools/common/zfsh_if_exist.sh\" \"${SRCROOT}/../../../zfscript/zfmodule_setup.zfsh\" iOS\n";
		};
/* End PBXShellScriptBuildPhase section */

/* Begin PBXSourcesBuildPhase section */
		FE49BA0E80CC9A58BCB9A963C16E449E /* Sources */ = {
			isa = PBXSourcesBuildPhase;
			buildActionMask = 2147483647;
			files = (
				0475832100CF417FA4F71F8133220D86 /* AppDelegate.mm in Sources */,
				8B0E7639DFAE3D9DBC55CB17879777FB /* ELuna.cpp in Sources */,
				9157AE24D007CA0FC7DA8411DAB8F802 /* RootViewController.m in Sources */,
				7082B19F7D8FC407001BA96EADAD1E4F /* lapi.c in Sources */,
				5516E803261B92A909D49D3047F6D5A6 /* lauxlib.c in Sources */,
				6E544322FDE3DE14DBB7EC8AA97C9850 /* lbaselib.c in Sources */,
				58C92B21FD664EE475034573AB7632BC /* lbitlib.c in Sources */,
				CEA27A2A44DC1E8F43E5BE31C02F1B20 /* lcode.c in Sources */,
				7AAB264F9EBFF703035C5FC569B3FA03 /* lcorolib.c in Sources */,
				56AA8E679C46234E2A9DD9AAB7A38BC2 /* lctype.c in Sources */,
				DCD914C5D9C5A276FB36C23AECFFF8A8 /* ldblib.c in Sources */,
				53A99C0AEC561A0F8C8DAB85002F5FC0 /* ldebug.c in Sources */,
				73D112006DE9E459256DFBAA6D72875E /* ldo.c in Sources */,
				907A16148B5BAFBF85C825B2153E4E33 /* ldump.c in Sources */,
				30F949168B0BF679BE29A4B708E08C74 /* lfunc.c in Sources */,
				9057EC721FE599849775818BFAAA0F61 /* lgc.c in Sources */,
				BD0CBCE2693888635DB178C55B63083D /* linit.c in Sources */,
				127B8B2466F392CB376F4BBD0E723285 /* liolib.c in Sources */,
				C03B4399207ACFBF54B5F26B70E107AC /* llex.c in Sources */,
				1404433C2DB467854CCA542E9C3D3755 /* lmathlib.c in Sources */,
				2C31238A57E5020EA0E9927D1CF3A980 /* lmem.c in Sources */,
				0886821765F178CC9C31F69F082F40B9 /* loadlib.c in Sources */,
				3BB3819E62ADD9A7B202C364DA71CD8E /* lobject.c in Sources */,
				68D5E2E252194E199F6CE0F6490D11F7 /* lopcodes.c in Sources */,
				7EDB8EF16AA810AAD96B2199E7F3132E /* loslib.c in Sources */,
				179B25E889E0C750AB1C49F375AD0BA7 /* lparser.c in Sources */,
				26A77665A1765390C6D898FEB442C6B2 /* lstate.c in Sources */,
				49BEC39CCAEB6C0BBABB3CF0B296074D /* lstring.c in Sources */,
				1E9DFABBA6B51C078635E8C34DF28589 /* lstrlib.c in Sources */,
				50610BFBD44C039208F3E20107518807 /* ltable.c in Sources */,
				F82F84E2DEF6983BBA1240B5CB73FC65 /* ltablib.c in Sources */,
				3013E9B201E8C1C5D52A922DF1E2A34D /* ltests.c in Sources */,
				72CB506F5F3FE12F744B5AC302D863AF /* ltm.c in Sources */,
				12BB8F67CEF8126BDA98D1A6B1A6B303 /* lundump.c in Sources */,
				5479CEAA185D09A035DE1B793CC47083 /* lutf8lib.c in Sources */,
				000908925660CF13E8153601FE98DB01 /* lvm.c in Sources */,
				5198BC549C2A153203AEE5759F909AAD /* lzio.c in Sources */,
				9D0D1FE9B03CD6888A47F2E1F10B0DBC /* main.m in Sources */,
				7BC0E92A17EC04BEA04A22F498634240 /* zfgensrc_ZFAddition.mm in Sources */,
				5F277D3DF678FEA30DEBBED23810A5F1 /* zfgensrc_ZFAlgorithm.mm in Sources */,
				8D97D0F5FD07738C07D8CEA9C5BBB64C /* zfgensrc_ZFAlgorithm_impl.mm in Sources */,
				BC097A42F2AF708C5BD01734A83AE5F7 /* zfgensrc_ZFCore.mm in Sources */,
				351797074F3CABA4578FDF340816DBDC /* zfgensrc_ZFCore_impl.mm in Sources */,
				D55978FC2F2C331D5CB4ED4BD73ABF4A /* zfgensrc_ZFFramework_test.mm in Sources */,
				ABC1C509DB921D6B7A4FBF00AE967A35 /* zfgensrc_ZFLua.mm in Sources */,
				35F2B63E8259C67D28ED7E21BB6537E7 /* zfgensrc_ZFLua_impl.mm in Sources */,
				94F5EB224C44832ED49F9402B77A6C22 /* zfgensrc_ZFUIKit.mm in Sources */,
				409008F608EDD567C5C45C691E367508 /* zfgensrc_ZFUIKit_impl.mm in Sources */,
				E504674A05B3727698092019FCDFA463 /* zfgensrc_ZFUIWebKit.mm in Sources */,
				2760DA8CC376A5A127CBE04AF4DE1B32 /* zfgensrc_ZFUIWebKit_impl.mm in Sources */,
				937B1797FC3AAC31520A5006F9773B48 /* zfgensrc_ZFUIWidget.mm in Sources */,
				94ABABF1EFC642320F87D3F8AC3811A8 /* zfgensrc_ZFUtility.mm in Sources */,
				63381FA5474AD5BAA697231198C29DBD /* zfgensrc_ZF_impl.mm in Sources */,
				3361665B25B7DCCAD2FBB04C03D9B461 /* zfgensrc_ZF_loader_impl.mm in Sources */,
			);
			runOnlyForDeploymentPostprocessing = 0;
		};
/* End PBXSourcesBuildPhase section */

/* Begin XCBuildConfiguration section */
		1C9B4219A853DD81E9754B66876858BC /* Release */ = {
			isa = XCBuildConfiguration;
			buildSettings = {
				ALWAYS_SEARCH_USER_PATHS = NO;
				CLANG_CXX_LANGUAGE_STANDARD = "gnu++0x";
				CLANG_CXX_LIBRARY = "libc++";
				CLANG_ENABLE_MODULES = YES;
				CLANG_ENABLE_OBJC_ARC = YES;
				CLANG_WARN_BOOL_CONVERSION = YES;
				CLANG_WARN_CONSTANT_CONVERSION = YES;
				CLANG_WARN_DIRECT_OBJC_ISA_USAGE = YES_ERROR;
				CLANG_WARN_EMPTY_BODY = YES;
				CLANG_WARN_ENUM_CONVERSION = YES;
				CLANG_WARN_INFINITE_RECURSION = YES;
				CLANG_WARN_INT_CONVERSION = YES;
				CLANG_WARN_OBJC_ROOT_CLASS = YES_ERROR;
				CLANG_WARN_SUSPICIOUS_MOVE = YES;
				CLANG_WARN_UNREACHABLE_CODE = YES;
				CLANG_WARN__DUPLICATE_METHOD_MATCH = YES;
				"CODE_SIGN_IDENTITY[sdk=iphoneos*]" = "iPhone Developer";
				COPY_PHASE_STRIP = NO;
				DEBUG_INFORMATION_FORMAT = dwarf;
				ENABLE_NS_ASSERTIONS = NO;
				ENABLE_STRICT_OBJC_MSGSEND = YES;
				GCC_C_LANGUAGE_STANDARD = gnu99;
				GCC_NO_COMMON_BLOCKS = YES;
				GCC_WARN_64_TO_32_BIT_CONVERSION = YES;
				GCC_WARN_ABOUT_RETURN_TYPE = YES_ERROR;
				GCC_WARN_UNDECLARED_SELECTOR = YES;
				GCC_WARN_UNINITIALIZED_AUTOS = YES_AGGRESSIVE;
				GCC_WARN_UNUSED_FUNCTION = YES;
				GCC_WARN_UNUSED_VARIABLE = YES;
				IPHONEOS_DEPLOYMENT_TARGET = 8.0;
				MTL_ENABLE_DEBUG_INFO = NO;
				SDKROOT = iphoneos;
				VALIDATE_PRODUCT = YES;
			};
			name = Release;
		};
		3A076D49D63CFEC42CF3EDBD13CD9200 /* Debug */ = {
			isa = XCBuildConfiguration;
			buildSettings = {
				CLANG_ENABLE_OBJC_ARC = YES;
				ENABLE_BITCODE = NO;
				GCC_INLINES_ARE_PRIVATE_EXTERN = YES;
				GCC_SYMBOLS_PRIVATE_EXTERN = YES;
				INFOPLIST_FILE = "${SRCROOT}/ProjectFiles/Info.plist";
				IPHONEOS_DEPLOYMENT_TARGET = 8.0;
				LD_RUNPATH_SEARCH_PATHS = "$(inherited) @executable_path/Frameworks";
				OTHER_LDFLAGS = (
					"$(inherited)",
					"-Objc",
					"-all_load",
				);
				PRODUCT_BUNDLE_IDENTIFIER = "com.ZFFramework.iOS.$(PRODUCT_NAME:rfc1034identifier)";
				PRODUCT_NAME = "$(TARGET_NAME)";
				USER_HEADER_SEARCH_PATHS = (
					"$(inherited)",
					"${SRCROOT}/../../../zfsrc",
					"${SRCROOT}/../../../../../ZFFramework/ZF/ZFCore/zfsrc",
					"${SRCROOT}/../../../../../ZFFramework/ZF/ZFAlgorithm/zfsrc",
					"${SRCROOT}/../../../../../ZFFramework/ZF/ZFUtility/zfsrc",
					"${SRCROOT}/../../../../../ZFFramework/ZF/ZFUIKit/zfsrc",
					"${SRCROOT}/../../../../../ZFFramework/ZF/ZFAddition/zfsrc",
					"${SRCROOT}/../../../../../ZFFramework/ZF/ZFUIWidget/zfsrc",
					"${SRCROOT}/../../../../../ZFFramework/ZF/ZFLua/zfsrc",
					"${SRCROOT}/../../../../../ZFFramework/ZF/ZFUIWebKit/zfsrc",
					"${SRCROOT}/../../../../../ZFFramework/ZF/ZF_impl/zfsrc",
					"${SRCROOT}/../../../../../ZFFramework/ZF/ZF_loader_impl/zfsrc",
					"${SRCROOT}/../../../../../ZFFramework/ZF/ZFCore_impl/zfsrc",
					"${SRCROOT}/../../../../../ZFFramework/ZF/ZFAlgorithm_impl/zfsrc",
					"${SRCROOT}/../../../../../ZFFramework/ZF/ZFUIKit_impl/zfsrc",
					"${SRCROOT}/../../../../../ZFFramework/ZF/ZFLua_impl/zfsrc",
					"${SRCROOT}/../../../../../ZFFramework/ZF/ZFUIWebKit_impl/zfsrc",
				);
			};
			name = Debug;
		};
		932FB56D1F27060471E67700574E648A /* Debug */ = {
			isa = XCBuildConfiguration;
			buildSettings = {
				ALWAYS_SEARCH_USER_PATHS = NO;
				CLANG_CXX_LANGUAGE_STANDARD = "gnu++0x";
				CLANG_CXX_LIBRARY = "libc++";
				CLANG_ENABLE_MODULES = YES;
				CLANG_ENABLE_OBJC_ARC = YES;
				CLANG_WARN_BOOL_CONVERSION = YES;
				CLANG_WARN_CONSTANT_CONVERSION = YES;
				CLANG_WARN_DIRECT_OBJC_ISA_USAGE = YES_ERROR;
				CLANG_WARN_EMPTY_BODY = YES;
				CLANG_WARN_ENUM_CONVERSION = YES;
				CLANG_WARN_INFINITE_RECURSION = YES;
				CLANG_WARN_INT_CONVERSION = YES;
				CLANG_WARN_OBJC_ROOT_CLASS = YES_ERROR;
				CLANG_WARN_SUSPICIOUS_MOVE = YES;
				CLANG_WARN_UNREACHABLE_CODE = YES;
				CLANG_WARN__DUPLICATE_METHOD_MATCH = YES;
				"CODE_SIGN_IDENTITY[sdk=iphoneos*]" = "iPhone Developer";
				COPY_PHASE_STRIP = NO;
				DEBUG_INFORMATION_FORMAT = dwarf;
				ENABLE_STRICT_OBJC_MSGSEND = YES;
				ENABLE_TESTABILITY = YES;
				GCC_C_LANGUAGE_STANDARD = gnu99;
				GCC_DYNAMIC_NO_PIC = NO;
				GCC_NO_COMMON_BLOCKS = YES;
				GCC_OPTIMIZATION_LEVEL = 0;
				GCC_PREPROCESSOR_DEFINITIONS = (
					"DEBUG=1",
					"$(inherited)",
				);
				GCC_WARN_64_TO_32_BIT_CONVERSION = YES;
				GCC_WARN_ABOUT_RETURN_TYPE = YES_ERROR;
				GCC_WARN_UNDECLARED_SELECTOR = YES;
				GCC_WARN_UNINITIALIZED_AUTOS = YES_AGGRESSIVE;
				GCC_WARN_UNUSED_FUNCTION = YES;
				GCC_WARN_UNUSED_VARIABLE = YES;
				IPHONEOS_DEPLOYMENT_TARGET = 8.0;
				MTL_ENABLE_DEBUG_INFO = YES;
				ONLY_ACTIVE_ARCH = YES;
				SDKROOT = iphoneos;
			};
			name = Debug;
		};
		FAE8AB3E37F76F5F735BED2ED56DB76D /* Release */ = {
			isa = XCBuildConfiguration;
			buildSettings = {
				CLANG_ENABLE_OBJC_ARC = YES;
				ENABLE_BITCODE = NO;
				GCC_INLINES_ARE_PRIVATE_EXTERN = YES;
				GCC_SYMBOLS_PRIVATE_EXTERN = YES;
				INFOPLIST_FILE = "${SRCROOT}/ProjectFiles/Info.plist";
				IPHONEOS_DEPLOYMENT_TARGET = 8.0;
				LD_RUNPATH_SEARCH_PATHS = "$(inherited) @executable_path/Frameworks";
				OTHER_LDFLAGS = (
					"$(inherited)",
					"-Objc",
					"-all_load",
				);
				PRODUCT_BUNDLE_IDENTIFIER = "com.ZFFramework.iOS.$(PRODUCT_NAME:rfc1034identifier)";
				PRODUCT_NAME = "$(TARGET_NAME)";
				USER_HEADER_SEARCH_PATHS = (
					"$(inherited)",
					"${SRCROOT}/../../../zfsrc",
					"${SRCROOT}/../../../../../ZFFramework/ZF/ZFCore/zfsrc",
					"${SRCROOT}/../../../../../ZFFramework/ZF/ZFAlgorithm/zfsrc",
					"${SRCROOT}/../../../../../ZFFramework/ZF/ZFUtility/zfsrc",
					"${SRCROOT}/../../../../../ZFFramework/ZF/ZFUIKit/zfsrc",
					"${SRCROOT}/../../../../../ZFFramework/ZF/ZFAddition/zfsrc",
					"${SRCROOT}/../../../../../ZFFramework/ZF/ZFUIWidget/zfsrc",
					"${SRCROOT}/../../../../../ZFFramework/ZF/ZFLua/zfsrc",
					"${SRCROOT}/../../../../../ZFFramework/ZF/ZFUIWebKit/zfsrc",
					"${SRCROOT}/../../../../../ZFFramework/ZF/ZF_impl/zfsrc",
					"${SRCROOT}/../../../../../ZFFramework/ZF/ZF_loader_impl/zfsrc",
					"${SRCROOT}/../../../../../ZFFramework/ZF/ZFCore_impl/zfsrc",
					"${SRCROOT}/../../../../../ZFFramework/ZF/ZFAlgorithm_impl/zfsrc",
					"${SRCROOT}/../../../../../ZFFramework/ZF/ZFUIKit_impl/zfsrc",
					"${SRCROOT}/../../../../../ZFFramework/ZF/ZFLua_impl/zfsrc",
					"${SRCROOT}/../../../../../ZFFramework/ZF/ZFUIWebKit_impl/zfsrc",
				);
			};
			name = Release;
		};
/* End XCBuildConfiguration section */

/* Begin XCConfigurationList section */
		00336750C69DDAD7A3FF89B02C926361 /* Build configuration list for PBXNativeTarget "ZFFramework_test" */ = {
			isa = XCConfigurationList;
			buildConfigurations = (
				3A076D49D63CFEC42CF3EDBD13CD9200 /* Debug */,
				FAE8AB3E37F76F5F735BED2ED56DB76D /* Release */,
			);
			defaultConfigurationIsVisible = 0;
			defaultConfigurationName = Release;
		};
		C3EE857431BEAF11ACBEE4A9870088B6 /* Build configuration list for PBXProject "ZFFramework_test" */ = {
			isa = XCConfigurationList;
			buildConfigurations = (
				932FB56D1F27060471E67700574E648A /* Debug */,
				1C9B4219A853DD81E9754B66876858BC /* Release */,
			);
			defaultConfigurationIsVisible = 0;
			defaultConfigurationName = Release;
		};
/* End XCConfigurationList section */
	};
	rootObject = D3865331A38B10F2939BC81F93A779B5 /* Project object */;
}
